// !$*UTF8*$!
{
	archiveVersion = 1;
	classes = {
	};
	objectVersion = 46;
	objects = {

/* Begin PBXBuildFile section */
		0028179483C84AC1BFDAB799 /* Poppins-Thin.ttf in Resources */ = {isa = PBXBuildFile; fileRef = BE520D7B6F344E33A8B93F31 /* Poppins-Thin.ttf */; };
		005CD4845C8B447AA35B6B79 /* Montserrat-SemiBoldItalic.ttf in Resources */ = {isa = PBXBuildFile; fileRef = 769CA8EF91034AAD851FA56B /* Montserrat-SemiBoldItalic.ttf */; };
		00E356F31AD99517003FC87E /* PaychangeTests.m in Sources */ = {isa = PBXBuildFile; fileRef = 00E356F21AD99517003FC87E /* PaychangeTests.m */; };
		01598C32C31A4BF2848CC7CA /* Montserrat-Black.ttf in Resources */ = {isa = PBXBuildFile; fileRef = 87FD560E3DE44874B18E4652 /* Montserrat-Black.ttf */; };
		040C227D2502E32000AB8062 /* GoogleService-Info.plist in Resources */ = {isa = PBXBuildFile; fileRef = 040C227C2502E32000AB8062 /* GoogleService-Info.plist */; };
		06BBAB0584D6401C9672DD96 /* Entypo.ttf in Resources */ = {isa = PBXBuildFile; fileRef = 93190B15C5CF4872BECE12EC /* Entypo.ttf */; };
		0963F52D53ED4CD39AD3615C /* Kids-Club-House-Italic.ttf in Resources */ = {isa = PBXBuildFile; fileRef = 17D658E709864CD39A71DDBB /* Kids-Club-House-Italic.ttf */; };
		0A4CABC55159423384FDD00F /* MaterialIcons.ttf in Resources */ = {isa = PBXBuildFile; fileRef = DE236A5D2E02423580D6DA46 /* MaterialIcons.ttf */; };
		0C490D007FD3A8E9554B1060 /* libPods-Paychange-PaychangeTests.a in Frameworks */ = {isa = PBXBuildFile; fileRef = 15F5CE27F02632C5A0466606 /* libPods-Paychange-PaychangeTests.a */; };
		13B07FBC1A68108700A75B9A /* AppDelegate.m in Sources */ = {isa = PBXBuildFile; fileRef = 13B07FB01A68108700A75B9A /* AppDelegate.m */; };
		13B07FBF1A68108700A75B9A /* Images.xcassets in Resources */ = {isa = PBXBuildFile; fileRef = 13B07FB51A68108700A75B9A /* Images.xcassets */; };
		13B07FC11A68108700A75B9A /* main.m in Sources */ = {isa = PBXBuildFile; fileRef = 13B07FB71A68108700A75B9A /* main.m */; };
		1A2D81399CF34B5CA591B7FD /* Poppins-Light.ttf in Resources */ = {isa = PBXBuildFile; fileRef = 7021542D3DC341DF983D7A5D /* Poppins-Light.ttf */; };
		1CF7B05F110043F2BCFE26DD /* AntDesign.ttf in Resources */ = {isa = PBXBuildFile; fileRef = 105CD1B6B5254F71A75DC804 /* AntDesign.ttf */; };
		1D05EAEA12B64CBDA8749264 /* Poppins-SemiBoldItalic.ttf in Resources */ = {isa = PBXBuildFile; fileRef = 6C71347031C140C4866B494E /* Poppins-SemiBoldItalic.ttf */; };
		1F59EA6A55A5449D98B129B1 /* Poppins-ExtraBold.ttf in Resources */ = {isa = PBXBuildFile; fileRef = 95FDAA6E0C0B4FBF863B7904 /* Poppins-ExtraBold.ttf */; };
		24AD03EBA26F4629BD3AC41B /* Montserrat-ExtraLight.ttf in Resources */ = {isa = PBXBuildFile; fileRef = 9AC6858139D44CFFADF8D882 /* Montserrat-ExtraLight.ttf */; };
		29D353A3671C4EF2B1324B2C /* Montserrat-SemiBold.ttf in Resources */ = {isa = PBXBuildFile; fileRef = E1A3047F0B474B8AA11E46E6 /* Montserrat-SemiBold.ttf */; };
		2B3A3F64E5304A40A2F81950 /* Montserrat-Light.ttf in Resources */ = {isa = PBXBuildFile; fileRef = B8649FC1BC844CC996A3D451 /* Montserrat-Light.ttf */; };
		2D02E4BC1E0B4A80006451C7 /* AppDelegate.m in Sources */ = {isa = PBXBuildFile; fileRef = 13B07FB01A68108700A75B9A /* AppDelegate.m */; };
		2D02E4BD1E0B4A84006451C7 /* Images.xcassets in Resources */ = {isa = PBXBuildFile; fileRef = 13B07FB51A68108700A75B9A /* Images.xcassets */; };
		2D02E4BF1E0B4AB3006451C7 /* main.m in Sources */ = {isa = PBXBuildFile; fileRef = 13B07FB71A68108700A75B9A /* main.m */; };
		2DCD954D1E0B4F2C00145EB5 /* PaychangeTests.m in Sources */ = {isa = PBXBuildFile; fileRef = 00E356F21AD99517003FC87E /* PaychangeTests.m */; };
		39BC74B2FBF94EB8BC3B60EB /* Montserrat-Thin.ttf in Resources */ = {isa = PBXBuildFile; fileRef = 9C86DFAE5D6140A58657028A /* Montserrat-Thin.ttf */; };
		3AF027B0F5EC4540AEF4FD31 /* Montserrat-LightItalic.ttf in Resources */ = {isa = PBXBuildFile; fileRef = E13CA262DB884E439DD2461D /* Montserrat-LightItalic.ttf */; };
		4536413152D6405CAA274347 /* Montserrat-ThinItalic.ttf in Resources */ = {isa = PBXBuildFile; fileRef = 9E39424BA094415BB5C08265 /* Montserrat-ThinItalic.ttf */; };
		46BB1895E015A654F7E19425 /* libPods-Paychange-tvOSTests.a in Frameworks */ = {isa = PBXBuildFile; fileRef = F4EE29ED66C45A9216BC6D6A /* libPods-Paychange-tvOSTests.a */; };
		484040E2E9E74F36B464F6B6 /* Poppins-BoldItalic.ttf in Resources */ = {isa = PBXBuildFile; fileRef = 2EB4E93C2D9E4F4B8808672E /* Poppins-BoldItalic.ttf */; };
		4AA9044ADC154D57AAB8BEEF /* Poppins-Italic.ttf in Resources */ = {isa = PBXBuildFile; fileRef = 3F2FC260A2DA4B6694685440 /* Poppins-Italic.ttf */; };
		50D690A1CC7F4CB597AA4FE3 /* Poppins-LightItalic.ttf in Resources */ = {isa = PBXBuildFile; fileRef = 779EA309DCAD48E091BABD9C /* Poppins-LightItalic.ttf */; };
		52C1C3A5CCD2475497B6CD43 /* Ionicons.ttf in Resources */ = {isa = PBXBuildFile; fileRef = 1C4FAC7F7C234F5CA5DF0C54 /* Ionicons.ttf */; };
		5482402A27794B68821C8C71 /* Montserrat-ExtraBoldItalic.ttf in Resources */ = {isa = PBXBuildFile; fileRef = 6192919696034A63B81855A1 /* Montserrat-ExtraBoldItalic.ttf */; };
		54B562477F3749588C405E84 /* Poppins-Bold.ttf in Resources */ = {isa = PBXBuildFile; fileRef = B35AC762E27B44089DC17DCA /* Poppins-Bold.ttf */; };
		5745BF1ABCCE4C7C801D0138 /* Zocial.ttf in Resources */ = {isa = PBXBuildFile; fileRef = B2029789DCC64519ABCC28C8 /* Zocial.ttf */; };
		5818265AB4F84881A2B54279 /* Montserrat-BoldItalic.ttf in Resources */ = {isa = PBXBuildFile; fileRef = BDB7CE63BE4647A596E09BCB /* Montserrat-BoldItalic.ttf */; };
		626CA112DE5944A7B131970D /* SimpleLineIcons.ttf in Resources */ = {isa = PBXBuildFile; fileRef = 65B09E78157040499DB672B4 /* SimpleLineIcons.ttf */; };
		630A613E3DD146E8A4200818 /* Poppins-ExtraLightItalic.ttf in Resources */ = {isa = PBXBuildFile; fileRef = 3D22ED4DB80C45C292393371 /* Poppins-ExtraLightItalic.ttf */; };
		654A1AA4F5821399A0B1705D /* libPods-Paychange-tvOS.a in Frameworks */ = {isa = PBXBuildFile; fileRef = 9B0B525F9A350607273A0FA0 /* libPods-Paychange-tvOS.a */; };
		694BBF6B460A44F6A2DFD893 /* Montserrat-ExtraBold.ttf in Resources */ = {isa = PBXBuildFile; fileRef = 555D3681E9924436BBF10D80 /* Montserrat-ExtraBold.ttf */; };
		77D753CD1EAB438EABBCCFDC /* Poppins-ExtraLight.ttf in Resources */ = {isa = PBXBuildFile; fileRef = 6DB63DDBADDA43D5960DF58F /* Poppins-ExtraLight.ttf */; };
		78E3B7C64FB4466D88CDA21F /* EvilIcons.ttf in Resources */ = {isa = PBXBuildFile; fileRef = 62BB93D5F2DC4B2E9B26930F /* EvilIcons.ttf */; };
		7F44FB1B1DD64394A6E566CE /* Poppins-BlackItalic.ttf in Resources */ = {isa = PBXBuildFile; fileRef = 3D314B494AA946F6AA058360 /* Poppins-BlackItalic.ttf */; };
		81AB9BB82411601600AC10FF /* LaunchScreen.storyboard in Resources */ = {isa = PBXBuildFile; fileRef = 81AB9BB72411601600AC10FF /* LaunchScreen.storyboard */; };
		8416081F9E8B48E9BBF50C08 /* FontAwesome5_Solid.ttf in Resources */ = {isa = PBXBuildFile; fileRef = 40B37601EDBF436A9BA13F35 /* FontAwesome5_Solid.ttf */; };
		8C5D65DC6DAA4F279A4B9139 /* Poppins-SemiBold.ttf in Resources */ = {isa = PBXBuildFile; fileRef = 757BB96BA74C498581AFA06B /* Poppins-SemiBold.ttf */; };
		93C6370F0D7D4CE5A8C3DE61 /* Feather.ttf in Resources */ = {isa = PBXBuildFile; fileRef = 5DD279CF3BBB4DDAB790F685 /* Feather.ttf */; };
		9546747FBB134B779F08A3F9 /* Poppins-ExtraBoldItalic.ttf in Resources */ = {isa = PBXBuildFile; fileRef = 147DC62CF160454585B674EB /* Poppins-ExtraBoldItalic.ttf */; };
		9665E92B10F2407F9BE391C1 /* Poppins-Black.ttf in Resources */ = {isa = PBXBuildFile; fileRef = 87C8B7AECF154C7B8BD5F7E1 /* Poppins-Black.ttf */; };
		97EC62210FC846198DB2535A /* Roboto.ttf in Resources */ = {isa = PBXBuildFile; fileRef = BA42C572DF644A839E4438CE /* Roboto.ttf */; };
		9A08167CF648473FBF3DE7E9 /* Poppins-MediumItalic.ttf in Resources */ = {isa = PBXBuildFile; fileRef = 7358D10C44874D5C941AFAAA /* Poppins-MediumItalic.ttf */; };
		9ECE8D782BCA44D6A88737DD /* Montserrat-Regular.ttf in Resources */ = {isa = PBXBuildFile; fileRef = 5A3EE2536DED4F24999F7303 /* Montserrat-Regular.ttf */; };
		9F0C416934684F32BA2AEB1F /* Fontisto.ttf in Resources */ = {isa = PBXBuildFile; fileRef = 2ED3D0069744436EAA6D0373 /* Fontisto.ttf */; };
		A95C07A631D44D40B6A2E377 /* Foundation.ttf in Resources */ = {isa = PBXBuildFile; fileRef = 6B9150A1C83145DA9C4EA5AE /* Foundation.ttf */; };
		B7635A81D570054C36E0762D /* libPods-Paychange.a in Frameworks */ = {isa = PBXBuildFile; fileRef = 5AA48C29FF9B232DFB724129 /* libPods-Paychange.a */; };
		B84624A97D594F4EB552B61F /* Poppins-Medium.ttf in Resources */ = {isa = PBXBuildFile; fileRef = 2239C541004C4B92B31A3B38 /* Poppins-Medium.ttf */; };
		C1836005334C468A86FE6640 /* Octicons.ttf in Resources */ = {isa = PBXBuildFile; fileRef = A0639AF8C4D34FA5A56A465D /* Octicons.ttf */; };
		CC637461BBD045E0ACDD9E0B /* Montserrat-ExtraLightItalic.ttf in Resources */ = {isa = PBXBuildFile; fileRef = 1C571743707445C9A9123BDC /* Montserrat-ExtraLightItalic.ttf */; };
		D3389CBF262A4E0EA2C98E11 /* FontAwesome.ttf in Resources */ = {isa = PBXBuildFile; fileRef = BB2C67240FBA4CA6B78E45D0 /* FontAwesome.ttf */; };
		D3BC0A646AD14949BA868B82 /* MaterialCommunityIcons.ttf in Resources */ = {isa = PBXBuildFile; fileRef = EBDACC8E8AA54384A8DACDCB /* MaterialCommunityIcons.ttf */; };
		D4451CF5324742BF99557832 /* FontAwesome5_Brands.ttf in Resources */ = {isa = PBXBuildFile; fileRef = 303138B3667A4A64A2E385AE /* FontAwesome5_Brands.ttf */; };
		DAEE8E626E8B4FA0933EED39 /* FontAwesome5_Regular.ttf in Resources */ = {isa = PBXBuildFile; fileRef = 658F2CC7587243E0A535AB6A /* FontAwesome5_Regular.ttf */; };
		DD5D6127F0DD4C8188E700A3 /* Poppins-ThinItalic.ttf in Resources */ = {isa = PBXBuildFile; fileRef = 66E4A278B337463088B4BAA1 /* Poppins-ThinItalic.ttf */; };
		DDC32F07E99C47CBAF1DE001 /* Montserrat-Bold.ttf in Resources */ = {isa = PBXBuildFile; fileRef = BFA15BACA75349468A6611AD /* Montserrat-Bold.ttf */; };
		E0D9B2850B8344FB89EF24A1 /* Montserrat-BlackItalic.ttf in Resources */ = {isa = PBXBuildFile; fileRef = BAF0145E5C81411EBD867B1F /* Montserrat-BlackItalic.ttf */; };
		E0E6E00C09DC4E68A17081CC /* Montserrat-Medium.ttf in Resources */ = {isa = PBXBuildFile; fileRef = 5365A5B72D694CBC9E1EDCE0 /* Montserrat-Medium.ttf */; };
		E2DE15E9F86145E3B0EA105B /* Montserrat-MediumItalic.ttf in Resources */ = {isa = PBXBuildFile; fileRef = 82316454FF224605BE7EC141 /* Montserrat-MediumItalic.ttf */; };
		EB6D71471B1B4FBCA58F473A /* Roboto_medium.ttf in Resources */ = {isa = PBXBuildFile; fileRef = 06A4BBC3E2004D969DB2BF1A /* Roboto_medium.ttf */; };
		F76C46DC0C07479EA76AC5A6 /* Montserrat-Italic.ttf in Resources */ = {isa = PBXBuildFile; fileRef = 0BDF34FFCC8D48999571189A /* Montserrat-Italic.ttf */; };
		F8CEE0D8DA0445B9BE9C7ED9 /* Poppins-Regular.ttf in Resources */ = {isa = PBXBuildFile; fileRef = 7998509852F54705B337FC9B /* Poppins-Regular.ttf */; };
		FB854D65135D408DA0A1D87C /* rubicon-icon-font.ttf in Resources */ = {isa = PBXBuildFile; fileRef = 68C00193E496433DBFA737B4 /* rubicon-icon-font.ttf */; };
		FE5CE2FDCEE54FFE80733A2E /* Kids-Club-House.ttf in Resources */ = {isa = PBXBuildFile; fileRef = BDD725A835A04752BF9CAFEC /* Kids-Club-House.ttf */; };
/* End PBXBuildFile section */

/* Begin PBXContainerItemProxy section */
		00E356F41AD99517003FC87E /* PBXContainerItemProxy */ = {
			isa = PBXContainerItemProxy;
			containerPortal = 83CBB9F71A601CBA00E9B192 /* Project object */;
			proxyType = 1;
			remoteGlobalIDString = 13B07F861A680F5B00A75B9A;
			remoteInfo = Paychange;
		};
		2D02E4911E0B4A5D006451C7 /* PBXContainerItemProxy */ = {
			isa = PBXContainerItemProxy;
			containerPortal = 83CBB9F71A601CBA00E9B192 /* Project object */;
			proxyType = 1;
			remoteGlobalIDString = 2D02E47A1E0B4A5D006451C7;
			remoteInfo = "Paychange-tvOS";
		};
/* End PBXContainerItemProxy section */

/* Begin PBXFileReference section */
		008F07F21AC5B25A0029DE68 /* main.jsbundle */ = {isa = PBXFileReference; fileEncoding = 4; lastKnownFileType = text; path = main.jsbundle; sourceTree = "<group>"; };
		00E356EE1AD99517003FC87E /* PaychangeTests.xctest */ = {isa = PBXFileReference; explicitFileType = wrapper.cfbundle; includeInIndex = 0; path = PaychangeTests.xctest; sourceTree = BUILT_PRODUCTS_DIR; };
		00E356F11AD99517003FC87E /* Info.plist */ = {isa = PBXFileReference; lastKnownFileType = text.plist.xml; path = Info.plist; sourceTree = "<group>"; };
		00E356F21AD99517003FC87E /* PaychangeTests.m */ = {isa = PBXFileReference; lastKnownFileType = sourcecode.c.objc; path = PaychangeTests.m; sourceTree = "<group>"; };
		040C227C2502E32000AB8062 /* GoogleService-Info.plist */ = {isa = PBXFileReference; fileEncoding = 4; lastKnownFileType = text.plist.xml; name = "GoogleService-Info.plist"; path = "../../../GoogleService-Info.plist"; sourceTree = "<group>"; };
		0476D9CD251268400041EE3D /* Paychange.entitlements */ = {isa = PBXFileReference; lastKnownFileType = text.plist.entitlements; name = Paychange.entitlements; path = Paychange/Paychange.entitlements; sourceTree = "<group>"; };
		0491CC5325127E7900618A07 /* PaychangeDebug.entitlements */ = {isa = PBXFileReference; lastKnownFileType = text.plist.entitlements; name = PaychangeDebug.entitlements; path = Paychange/PaychangeDebug.entitlements; sourceTree = "<group>"; };
		06A4BBC3E2004D969DB2BF1A /* Roboto_medium.ttf */ = {isa = PBXFileReference; explicitFileType = undefined; fileEncoding = 9; includeInIndex = 0; lastKnownFileType = unknown; name = Roboto_medium.ttf; path = "../node_modules/native-base/Fonts/Roboto_medium.ttf"; sourceTree = "<group>"; };
		0BDF34FFCC8D48999571189A /* Montserrat-Italic.ttf */ = {isa = PBXFileReference; explicitFileType = undefined; fileEncoding = 9; includeInIndex = 0; lastKnownFileType = unknown; name = "Montserrat-Italic.ttf"; path = "../src/assets/fonts/Montserrat-Italic.ttf"; sourceTree = "<group>"; };
		0C3D444F564E2E7ABB407B20 /* Pods-Paychange-tvOS.debug.xcconfig */ = {isa = PBXFileReference; includeInIndex = 1; lastKnownFileType = text.xcconfig; name = "Pods-Paychange-tvOS.debug.xcconfig"; path = "Target Support Files/Pods-Paychange-tvOS/Pods-Paychange-tvOS.debug.xcconfig"; sourceTree = "<group>"; };
		0DE88C11E3E14D69972CC4B4 /* AntDesign.ttf */ = {isa = PBXFileReference; explicitFileType = undefined; fileEncoding = 9; includeInIndex = 0; lastKnownFileType = unknown; name = AntDesign.ttf; path = "../node_modules/react-native-vector-icons/Fonts/AntDesign.ttf"; sourceTree = "<group>"; };
		105CD1B6B5254F71A75DC804 /* AntDesign.ttf */ = {isa = PBXFileReference; explicitFileType = undefined; fileEncoding = 9; includeInIndex = 0; lastKnownFileType = unknown; name = AntDesign.ttf; path = "../node_modules/native-base/Fonts/AntDesign.ttf"; sourceTree = "<group>"; };
		11960B328EDE47938E6C7304 /* FontAwesome.ttf */ = {isa = PBXFileReference; explicitFileType = undefined; fileEncoding = 9; includeInIndex = 0; lastKnownFileType = unknown; name = FontAwesome.ttf; path = "../node_modules/react-native-vector-icons/Fonts/FontAwesome.ttf"; sourceTree = "<group>"; };
		13B07F961A680F5B00A75B9A /* Paychange.app */ = {isa = PBXFileReference; explicitFileType = wrapper.application; includeInIndex = 0; path = Paychange.app; sourceTree = BUILT_PRODUCTS_DIR; };
		13B07FAF1A68108700A75B9A /* AppDelegate.h */ = {isa = PBXFileReference; fileEncoding = 4; lastKnownFileType = sourcecode.c.h; name = AppDelegate.h; path = Paychange/AppDelegate.h; sourceTree = "<group>"; };
		13B07FB01A68108700A75B9A /* AppDelegate.m */ = {isa = PBXFileReference; fileEncoding = 4; lastKnownFileType = sourcecode.c.objc; name = AppDelegate.m; path = Paychange/AppDelegate.m; sourceTree = "<group>"; };
		13B07FB51A68108700A75B9A /* Images.xcassets */ = {isa = PBXFileReference; lastKnownFileType = folder.assetcatalog; name = Images.xcassets; path = Paychange/Images.xcassets; sourceTree = "<group>"; };
		13B07FB61A68108700A75B9A /* Info.plist */ = {isa = PBXFileReference; fileEncoding = 4; lastKnownFileType = text.plist.xml; name = Info.plist; path = Paychange/Info.plist; sourceTree = "<group>"; };
		13B07FB71A68108700A75B9A /* main.m */ = {isa = PBXFileReference; fileEncoding = 4; lastKnownFileType = sourcecode.c.objc; name = main.m; path = Paychange/main.m; sourceTree = "<group>"; };
		147DC62CF160454585B674EB /* Poppins-ExtraBoldItalic.ttf */ = {isa = PBXFileReference; explicitFileType = undefined; fileEncoding = 9; includeInIndex = 0; lastKnownFileType = unknown; name = "Poppins-ExtraBoldItalic.ttf"; path = "../src/assets/fonts/Poppins-ExtraBoldItalic.ttf"; sourceTree = "<group>"; };
		15F5CE27F02632C5A0466606 /* libPods-Paychange-PaychangeTests.a */ = {isa = PBXFileReference; explicitFileType = archive.ar; includeInIndex = 0; path = "libPods-Paychange-PaychangeTests.a"; sourceTree = BUILT_PRODUCTS_DIR; };
		17D658E709864CD39A71DDBB /* Kids-Club-House-Italic.ttf */ = {isa = PBXFileReference; explicitFileType = undefined; fileEncoding = 9; includeInIndex = 0; lastKnownFileType = unknown; name = "Kids-Club-House-Italic.ttf"; path = "../src/assets/fonts/Kids-Club-House-Italic.ttf"; sourceTree = "<group>"; };
		1C4FAC7F7C234F5CA5DF0C54 /* Ionicons.ttf */ = {isa = PBXFileReference; explicitFileType = undefined; fileEncoding = 9; includeInIndex = 0; lastKnownFileType = unknown; name = Ionicons.ttf; path = "../node_modules/native-base/Fonts/Ionicons.ttf"; sourceTree = "<group>"; };
		1C571743707445C9A9123BDC /* Montserrat-ExtraLightItalic.ttf */ = {isa = PBXFileReference; explicitFileType = undefined; fileEncoding = 9; includeInIndex = 0; lastKnownFileType = unknown; name = "Montserrat-ExtraLightItalic.ttf"; path = "../src/assets/fonts/Montserrat-ExtraLightItalic.ttf"; sourceTree = "<group>"; };
		1CE85CE46E3A0EF6F07771C5 /* Pods-Paychange-PaychangeTests.debug.xcconfig */ = {isa = PBXFileReference; includeInIndex = 1; lastKnownFileType = text.xcconfig; name = "Pods-Paychange-PaychangeTests.debug.xcconfig"; path = "Target Support Files/Pods-Paychange-PaychangeTests/Pods-Paychange-PaychangeTests.debug.xcconfig"; sourceTree = "<group>"; };
		2239C541004C4B92B31A3B38 /* Poppins-Medium.ttf */ = {isa = PBXFileReference; explicitFileType = undefined; fileEncoding = 9; includeInIndex = 0; lastKnownFileType = unknown; name = "Poppins-Medium.ttf"; path = "../src/assets/fonts/Poppins-Medium.ttf"; sourceTree = "<group>"; };
		25E649E65C665B00F2B81845 /* Pods-Paychange-tvOS.release.xcconfig */ = {isa = PBXFileReference; includeInIndex = 1; lastKnownFileType = text.xcconfig; name = "Pods-Paychange-tvOS.release.xcconfig"; path = "Target Support Files/Pods-Paychange-tvOS/Pods-Paychange-tvOS.release.xcconfig"; sourceTree = "<group>"; };
		268F5E7AFA774E529BA490EA /* Octicons.ttf */ = {isa = PBXFileReference; explicitFileType = undefined; fileEncoding = 9; includeInIndex = 0; lastKnownFileType = unknown; name = Octicons.ttf; path = "../node_modules/react-native-vector-icons/Fonts/Octicons.ttf"; sourceTree = "<group>"; };
		2A68169D1BB630A992BFD0CB /* Pods-Paychange.debug.xcconfig */ = {isa = PBXFileReference; includeInIndex = 1; lastKnownFileType = text.xcconfig; name = "Pods-Paychange.debug.xcconfig"; path = "Target Support Files/Pods-Paychange/Pods-Paychange.debug.xcconfig"; sourceTree = "<group>"; };
		2D02E47B1E0B4A5D006451C7 /* Paychange-tvOS.app */ = {isa = PBXFileReference; explicitFileType = wrapper.application; includeInIndex = 0; path = "Paychange-tvOS.app"; sourceTree = BUILT_PRODUCTS_DIR; };
		2D02E4901E0B4A5D006451C7 /* Paychange-tvOSTests.xctest */ = {isa = PBXFileReference; explicitFileType = wrapper.cfbundle; includeInIndex = 0; path = "Paychange-tvOSTests.xctest"; sourceTree = BUILT_PRODUCTS_DIR; };
		2EB4E93C2D9E4F4B8808672E /* Poppins-BoldItalic.ttf */ = {isa = PBXFileReference; explicitFileType = undefined; fileEncoding = 9; includeInIndex = 0; lastKnownFileType = unknown; name = "Poppins-BoldItalic.ttf"; path = "../src/assets/fonts/Poppins-BoldItalic.ttf"; sourceTree = "<group>"; };
		2ED3D0069744436EAA6D0373 /* Fontisto.ttf */ = {isa = PBXFileReference; explicitFileType = undefined; fileEncoding = 9; includeInIndex = 0; lastKnownFileType = unknown; name = Fontisto.ttf; path = "../node_modules/native-base/Fonts/Fontisto.ttf"; sourceTree = "<group>"; };
		2F5139E24BCE3E53B4EC2B5C /* Pods-Paychange.release.xcconfig */ = {isa = PBXFileReference; includeInIndex = 1; lastKnownFileType = text.xcconfig; name = "Pods-Paychange.release.xcconfig"; path = "Target Support Files/Pods-Paychange/Pods-Paychange.release.xcconfig"; sourceTree = "<group>"; };
		303138B3667A4A64A2E385AE /* FontAwesome5_Brands.ttf */ = {isa = PBXFileReference; explicitFileType = undefined; fileEncoding = 9; includeInIndex = 0; lastKnownFileType = unknown; name = FontAwesome5_Brands.ttf; path = "../node_modules/native-base/Fonts/FontAwesome5_Brands.ttf"; sourceTree = "<group>"; };
		382DA798F94240F2B1A86309 /* MaterialIcons.ttf */ = {isa = PBXFileReference; explicitFileType = undefined; fileEncoding = 9; includeInIndex = 0; lastKnownFileType = unknown; name = MaterialIcons.ttf; path = "../node_modules/react-native-vector-icons/Fonts/MaterialIcons.ttf"; sourceTree = "<group>"; };
		3C036844E1EC4471B8A6B572 /* SimpleLineIcons.ttf */ = {isa = PBXFileReference; explicitFileType = undefined; fileEncoding = 9; includeInIndex = 0; lastKnownFileType = unknown; name = SimpleLineIcons.ttf; path = "../node_modules/react-native-vector-icons/Fonts/SimpleLineIcons.ttf"; sourceTree = "<group>"; };
		3D22ED4DB80C45C292393371 /* Poppins-ExtraLightItalic.ttf */ = {isa = PBXFileReference; explicitFileType = undefined; fileEncoding = 9; includeInIndex = 0; lastKnownFileType = unknown; name = "Poppins-ExtraLightItalic.ttf"; path = "../src/assets/fonts/Poppins-ExtraLightItalic.ttf"; sourceTree = "<group>"; };
		3D314B494AA946F6AA058360 /* Poppins-BlackItalic.ttf */ = {isa = PBXFileReference; explicitFileType = undefined; fileEncoding = 9; includeInIndex = 0; lastKnownFileType = unknown; name = "Poppins-BlackItalic.ttf"; path = "../src/assets/fonts/Poppins-BlackItalic.ttf"; sourceTree = "<group>"; };
		3F2FC260A2DA4B6694685440 /* Poppins-Italic.ttf */ = {isa = PBXFileReference; explicitFileType = undefined; fileEncoding = 9; includeInIndex = 0; lastKnownFileType = unknown; name = "Poppins-Italic.ttf"; path = "../src/assets/fonts/Poppins-Italic.ttf"; sourceTree = "<group>"; };
		40B37601EDBF436A9BA13F35 /* FontAwesome5_Solid.ttf */ = {isa = PBXFileReference; explicitFileType = undefined; fileEncoding = 9; includeInIndex = 0; lastKnownFileType = unknown; name = FontAwesome5_Solid.ttf; path = "../node_modules/native-base/Fonts/FontAwesome5_Solid.ttf"; sourceTree = "<group>"; };
		4397595B15B3D3FD2B21D8A6 /* Pods-Paychange-tvOSTests.release.xcconfig */ = {isa = PBXFileReference; includeInIndex = 1; lastKnownFileType = text.xcconfig; name = "Pods-Paychange-tvOSTests.release.xcconfig"; path = "Target Support Files/Pods-Paychange-tvOSTests/Pods-Paychange-tvOSTests.release.xcconfig"; sourceTree = "<group>"; };
		444313852BFC498B88BD8A7C /* EvilIcons.ttf */ = {isa = PBXFileReference; explicitFileType = undefined; fileEncoding = 9; includeInIndex = 0; lastKnownFileType = unknown; name = EvilIcons.ttf; path = "../node_modules/react-native-vector-icons/Fonts/EvilIcons.ttf"; sourceTree = "<group>"; };
		46896302B4653848DC184DEE /* Pods-Paychange-tvOSTests.debug.xcconfig */ = {isa = PBXFileReference; includeInIndex = 1; lastKnownFileType = text.xcconfig; name = "Pods-Paychange-tvOSTests.debug.xcconfig"; path = "Target Support Files/Pods-Paychange-tvOSTests/Pods-Paychange-tvOSTests.debug.xcconfig"; sourceTree = "<group>"; };
		5365A5B72D694CBC9E1EDCE0 /* Montserrat-Medium.ttf */ = {isa = PBXFileReference; explicitFileType = undefined; fileEncoding = 9; includeInIndex = 0; lastKnownFileType = unknown; name = "Montserrat-Medium.ttf"; path = "../src/assets/fonts/Montserrat-Medium.ttf"; sourceTree = "<group>"; };
		555D3681E9924436BBF10D80 /* Montserrat-ExtraBold.ttf */ = {isa = PBXFileReference; explicitFileType = undefined; fileEncoding = 9; includeInIndex = 0; lastKnownFileType = unknown; name = "Montserrat-ExtraBold.ttf"; path = "../src/assets/fonts/Montserrat-ExtraBold.ttf"; sourceTree = "<group>"; };
		5A3EE2536DED4F24999F7303 /* Montserrat-Regular.ttf */ = {isa = PBXFileReference; explicitFileType = undefined; fileEncoding = 9; includeInIndex = 0; lastKnownFileType = unknown; name = "Montserrat-Regular.ttf"; path = "../src/assets/fonts/Montserrat-Regular.ttf"; sourceTree = "<group>"; };
		5AA48C29FF9B232DFB724129 /* libPods-Paychange.a */ = {isa = PBXFileReference; explicitFileType = archive.ar; includeInIndex = 0; path = "libPods-Paychange.a"; sourceTree = BUILT_PRODUCTS_DIR; };
		5DD279CF3BBB4DDAB790F685 /* Feather.ttf */ = {isa = PBXFileReference; explicitFileType = undefined; fileEncoding = 9; includeInIndex = 0; lastKnownFileType = unknown; name = Feather.ttf; path = "../node_modules/native-base/Fonts/Feather.ttf"; sourceTree = "<group>"; };
		6192919696034A63B81855A1 /* Montserrat-ExtraBoldItalic.ttf */ = {isa = PBXFileReference; explicitFileType = undefined; fileEncoding = 9; includeInIndex = 0; lastKnownFileType = unknown; name = "Montserrat-ExtraBoldItalic.ttf"; path = "../src/assets/fonts/Montserrat-ExtraBoldItalic.ttf"; sourceTree = "<group>"; };
		62BB93D5F2DC4B2E9B26930F /* EvilIcons.ttf */ = {isa = PBXFileReference; explicitFileType = undefined; fileEncoding = 9; includeInIndex = 0; lastKnownFileType = unknown; name = EvilIcons.ttf; path = "../node_modules/native-base/Fonts/EvilIcons.ttf"; sourceTree = "<group>"; };
		658F2CC7587243E0A535AB6A /* FontAwesome5_Regular.ttf */ = {isa = PBXFileReference; explicitFileType = undefined; fileEncoding = 9; includeInIndex = 0; lastKnownFileType = unknown; name = FontAwesome5_Regular.ttf; path = "../node_modules/native-base/Fonts/FontAwesome5_Regular.ttf"; sourceTree = "<group>"; };
		65B09E78157040499DB672B4 /* SimpleLineIcons.ttf */ = {isa = PBXFileReference; explicitFileType = undefined; fileEncoding = 9; includeInIndex = 0; lastKnownFileType = unknown; name = SimpleLineIcons.ttf; path = "../node_modules/native-base/Fonts/SimpleLineIcons.ttf"; sourceTree = "<group>"; };
		66E4A278B337463088B4BAA1 /* Poppins-ThinItalic.ttf */ = {isa = PBXFileReference; explicitFileType = undefined; fileEncoding = 9; includeInIndex = 0; lastKnownFileType = unknown; name = "Poppins-ThinItalic.ttf"; path = "../src/assets/fonts/Poppins-ThinItalic.ttf"; sourceTree = "<group>"; };
		68C00193E496433DBFA737B4 /* rubicon-icon-font.ttf */ = {isa = PBXFileReference; explicitFileType = undefined; fileEncoding = 9; includeInIndex = 0; lastKnownFileType = unknown; name = "rubicon-icon-font.ttf"; path = "../node_modules/native-base/Fonts/rubicon-icon-font.ttf"; sourceTree = "<group>"; };
		6B9150A1C83145DA9C4EA5AE /* Foundation.ttf */ = {isa = PBXFileReference; explicitFileType = undefined; fileEncoding = 9; includeInIndex = 0; lastKnownFileType = unknown; name = Foundation.ttf; path = "../node_modules/native-base/Fonts/Foundation.ttf"; sourceTree = "<group>"; };
		6C71347031C140C4866B494E /* Poppins-SemiBoldItalic.ttf */ = {isa = PBXFileReference; explicitFileType = undefined; fileEncoding = 9; includeInIndex = 0; lastKnownFileType = unknown; name = "Poppins-SemiBoldItalic.ttf"; path = "../src/assets/fonts/Poppins-SemiBoldItalic.ttf"; sourceTree = "<group>"; };
		6DB63DDBADDA43D5960DF58F /* Poppins-ExtraLight.ttf */ = {isa = PBXFileReference; explicitFileType = undefined; fileEncoding = 9; includeInIndex = 0; lastKnownFileType = unknown; name = "Poppins-ExtraLight.ttf"; path = "../src/assets/fonts/Poppins-ExtraLight.ttf"; sourceTree = "<group>"; };
		7021542D3DC341DF983D7A5D /* Poppins-Light.ttf */ = {isa = PBXFileReference; explicitFileType = undefined; fileEncoding = 9; includeInIndex = 0; lastKnownFileType = unknown; name = "Poppins-Light.ttf"; path = "../src/assets/fonts/Poppins-Light.ttf"; sourceTree = "<group>"; };
		70E4B92FE94C44618603DA5C /* Feather.ttf */ = {isa = PBXFileReference; explicitFileType = undefined; fileEncoding = 9; includeInIndex = 0; lastKnownFileType = unknown; name = Feather.ttf; path = "../node_modules/react-native-vector-icons/Fonts/Feather.ttf"; sourceTree = "<group>"; };
		7358D10C44874D5C941AFAAA /* Poppins-MediumItalic.ttf */ = {isa = PBXFileReference; explicitFileType = undefined; fileEncoding = 9; includeInIndex = 0; lastKnownFileType = unknown; name = "Poppins-MediumItalic.ttf"; path = "../src/assets/fonts/Poppins-MediumItalic.ttf"; sourceTree = "<group>"; };
		757BB96BA74C498581AFA06B /* Poppins-SemiBold.ttf */ = {isa = PBXFileReference; explicitFileType = undefined; fileEncoding = 9; includeInIndex = 0; lastKnownFileType = unknown; name = "Poppins-SemiBold.ttf"; path = "../src/assets/fonts/Poppins-SemiBold.ttf"; sourceTree = "<group>"; };
		769CA8EF91034AAD851FA56B /* Montserrat-SemiBoldItalic.ttf */ = {isa = PBXFileReference; explicitFileType = undefined; fileEncoding = 9; includeInIndex = 0; lastKnownFileType = unknown; name = "Montserrat-SemiBoldItalic.ttf"; path = "../src/assets/fonts/Montserrat-SemiBoldItalic.ttf"; sourceTree = "<group>"; };
		779EA309DCAD48E091BABD9C /* Poppins-LightItalic.ttf */ = {isa = PBXFileReference; explicitFileType = undefined; fileEncoding = 9; includeInIndex = 0; lastKnownFileType = unknown; name = "Poppins-LightItalic.ttf"; path = "../src/assets/fonts/Poppins-LightItalic.ttf"; sourceTree = "<group>"; };
		7998509852F54705B337FC9B /* Poppins-Regular.ttf */ = {isa = PBXFileReference; explicitFileType = undefined; fileEncoding = 9; includeInIndex = 0; lastKnownFileType = unknown; name = "Poppins-Regular.ttf"; path = "../src/assets/fonts/Poppins-Regular.ttf"; sourceTree = "<group>"; };
		7C042329331F0F3AFBBA6A4C /* Pods-Paychange-PaychangeTests.release.xcconfig */ = {isa = PBXFileReference; includeInIndex = 1; lastKnownFileType = text.xcconfig; name = "Pods-Paychange-PaychangeTests.release.xcconfig"; path = "Target Support Files/Pods-Paychange-PaychangeTests/Pods-Paychange-PaychangeTests.release.xcconfig"; sourceTree = "<group>"; };
		81AB9BB72411601600AC10FF /* LaunchScreen.storyboard */ = {isa = PBXFileReference; fileEncoding = 4; lastKnownFileType = file.storyboard; name = LaunchScreen.storyboard; path = Paychange/LaunchScreen.storyboard; sourceTree = "<group>"; };
		82316454FF224605BE7EC141 /* Montserrat-MediumItalic.ttf */ = {isa = PBXFileReference; explicitFileType = undefined; fileEncoding = 9; includeInIndex = 0; lastKnownFileType = unknown; name = "Montserrat-MediumItalic.ttf"; path = "../src/assets/fonts/Montserrat-MediumItalic.ttf"; sourceTree = "<group>"; };
		84275E1817DA40C4BE58FC7D /* Entypo.ttf */ = {isa = PBXFileReference; explicitFileType = undefined; fileEncoding = 9; includeInIndex = 0; lastKnownFileType = unknown; name = Entypo.ttf; path = "../node_modules/react-native-vector-icons/Fonts/Entypo.ttf"; sourceTree = "<group>"; };
		87C8B7AECF154C7B8BD5F7E1 /* Poppins-Black.ttf */ = {isa = PBXFileReference; explicitFileType = undefined; fileEncoding = 9; includeInIndex = 0; lastKnownFileType = unknown; name = "Poppins-Black.ttf"; path = "../src/assets/fonts/Poppins-Black.ttf"; sourceTree = "<group>"; };
		87DC8C4BB96F4232952D10B5 /* FontAwesome5_Brands.ttf */ = {isa = PBXFileReference; explicitFileType = undefined; fileEncoding = 9; includeInIndex = 0; lastKnownFileType = unknown; name = FontAwesome5_Brands.ttf; path = "../node_modules/react-native-vector-icons/Fonts/FontAwesome5_Brands.ttf"; sourceTree = "<group>"; };
		87FD560E3DE44874B18E4652 /* Montserrat-Black.ttf */ = {isa = PBXFileReference; explicitFileType = undefined; fileEncoding = 9; includeInIndex = 0; lastKnownFileType = unknown; name = "Montserrat-Black.ttf"; path = "../src/assets/fonts/Montserrat-Black.ttf"; sourceTree = "<group>"; };
		8B03A7A207584E8A9A3EE46F /* Foundation.ttf */ = {isa = PBXFileReference; explicitFileType = undefined; fileEncoding = 9; includeInIndex = 0; lastKnownFileType = unknown; name = Foundation.ttf; path = "../node_modules/react-native-vector-icons/Fonts/Foundation.ttf"; sourceTree = "<group>"; };
		93190B15C5CF4872BECE12EC /* Entypo.ttf */ = {isa = PBXFileReference; explicitFileType = undefined; fileEncoding = 9; includeInIndex = 0; lastKnownFileType = unknown; name = Entypo.ttf; path = "../node_modules/native-base/Fonts/Entypo.ttf"; sourceTree = "<group>"; };
		9333F5A6CD2344B5B83D4228 /* FontAwesome5_Regular.ttf */ = {isa = PBXFileReference; explicitFileType = undefined; fileEncoding = 9; includeInIndex = 0; lastKnownFileType = unknown; name = FontAwesome5_Regular.ttf; path = "../node_modules/react-native-vector-icons/Fonts/FontAwesome5_Regular.ttf"; sourceTree = "<group>"; };
		95FDAA6E0C0B4FBF863B7904 /* Poppins-ExtraBold.ttf */ = {isa = PBXFileReference; explicitFileType = undefined; fileEncoding = 9; includeInIndex = 0; lastKnownFileType = unknown; name = "Poppins-ExtraBold.ttf"; path = "../src/assets/fonts/Poppins-ExtraBold.ttf"; sourceTree = "<group>"; };
		9AC6858139D44CFFADF8D882 /* Montserrat-ExtraLight.ttf */ = {isa = PBXFileReference; explicitFileType = undefined; fileEncoding = 9; includeInIndex = 0; lastKnownFileType = unknown; name = "Montserrat-ExtraLight.ttf"; path = "../src/assets/fonts/Montserrat-ExtraLight.ttf"; sourceTree = "<group>"; };
		9B0B525F9A350607273A0FA0 /* libPods-Paychange-tvOS.a */ = {isa = PBXFileReference; explicitFileType = archive.ar; includeInIndex = 0; path = "libPods-Paychange-tvOS.a"; sourceTree = BUILT_PRODUCTS_DIR; };
		9C86DFAE5D6140A58657028A /* Montserrat-Thin.ttf */ = {isa = PBXFileReference; explicitFileType = undefined; fileEncoding = 9; includeInIndex = 0; lastKnownFileType = unknown; name = "Montserrat-Thin.ttf"; path = "../src/assets/fonts/Montserrat-Thin.ttf"; sourceTree = "<group>"; };
		9E39424BA094415BB5C08265 /* Montserrat-ThinItalic.ttf */ = {isa = PBXFileReference; explicitFileType = undefined; fileEncoding = 9; includeInIndex = 0; lastKnownFileType = unknown; name = "Montserrat-ThinItalic.ttf"; path = "../src/assets/fonts/Montserrat-ThinItalic.ttf"; sourceTree = "<group>"; };
		A0639AF8C4D34FA5A56A465D /* Octicons.ttf */ = {isa = PBXFileReference; explicitFileType = undefined; fileEncoding = 9; includeInIndex = 0; lastKnownFileType = unknown; name = Octicons.ttf; path = "../node_modules/native-base/Fonts/Octicons.ttf"; sourceTree = "<group>"; };
		AE2447F029B0477E80FA3EB1 /* Ionicons.ttf */ = {isa = PBXFileReference; explicitFileType = undefined; fileEncoding = 9; includeInIndex = 0; lastKnownFileType = unknown; name = Ionicons.ttf; path = "../node_modules/react-native-vector-icons/Fonts/Ionicons.ttf"; sourceTree = "<group>"; };
		B2029789DCC64519ABCC28C8 /* Zocial.ttf */ = {isa = PBXFileReference; explicitFileType = undefined; fileEncoding = 9; includeInIndex = 0; lastKnownFileType = unknown; name = Zocial.ttf; path = "../node_modules/native-base/Fonts/Zocial.ttf"; sourceTree = "<group>"; };
		B35AC762E27B44089DC17DCA /* Poppins-Bold.ttf */ = {isa = PBXFileReference; explicitFileType = undefined; fileEncoding = 9; includeInIndex = 0; lastKnownFileType = unknown; name = "Poppins-Bold.ttf"; path = "../src/assets/fonts/Poppins-Bold.ttf"; sourceTree = "<group>"; };
		B8649FC1BC844CC996A3D451 /* Montserrat-Light.ttf */ = {isa = PBXFileReference; explicitFileType = undefined; fileEncoding = 9; includeInIndex = 0; lastKnownFileType = unknown; name = "Montserrat-Light.ttf"; path = "../src/assets/fonts/Montserrat-Light.ttf"; sourceTree = "<group>"; };
		BA42C572DF644A839E4438CE /* Roboto.ttf */ = {isa = PBXFileReference; explicitFileType = undefined; fileEncoding = 9; includeInIndex = 0; lastKnownFileType = unknown; name = Roboto.ttf; path = "../node_modules/native-base/Fonts/Roboto.ttf"; sourceTree = "<group>"; };
		BAF0145E5C81411EBD867B1F /* Montserrat-BlackItalic.ttf */ = {isa = PBXFileReference; explicitFileType = undefined; fileEncoding = 9; includeInIndex = 0; lastKnownFileType = unknown; name = "Montserrat-BlackItalic.ttf"; path = "../src/assets/fonts/Montserrat-BlackItalic.ttf"; sourceTree = "<group>"; };
		BB2C67240FBA4CA6B78E45D0 /* FontAwesome.ttf */ = {isa = PBXFileReference; explicitFileType = undefined; fileEncoding = 9; includeInIndex = 0; lastKnownFileType = unknown; name = FontAwesome.ttf; path = "../node_modules/native-base/Fonts/FontAwesome.ttf"; sourceTree = "<group>"; };
		BDB7CE63BE4647A596E09BCB /* Montserrat-BoldItalic.ttf */ = {isa = PBXFileReference; explicitFileType = undefined; fileEncoding = 9; includeInIndex = 0; lastKnownFileType = unknown; name = "Montserrat-BoldItalic.ttf"; path = "../src/assets/fonts/Montserrat-BoldItalic.ttf"; sourceTree = "<group>"; };
		BDD725A835A04752BF9CAFEC /* Kids-Club-House.ttf */ = {isa = PBXFileReference; explicitFileType = undefined; fileEncoding = 9; includeInIndex = 0; lastKnownFileType = unknown; name = "Kids-Club-House.ttf"; path = "../src/assets/fonts/Kids-Club-House.ttf"; sourceTree = "<group>"; };
		BE520D7B6F344E33A8B93F31 /* Poppins-Thin.ttf */ = {isa = PBXFileReference; explicitFileType = undefined; fileEncoding = 9; includeInIndex = 0; lastKnownFileType = unknown; name = "Poppins-Thin.ttf"; path = "../src/assets/fonts/Poppins-Thin.ttf"; sourceTree = "<group>"; };
		BFA15BACA75349468A6611AD /* Montserrat-Bold.ttf */ = {isa = PBXFileReference; explicitFileType = undefined; fileEncoding = 9; includeInIndex = 0; lastKnownFileType = unknown; name = "Montserrat-Bold.ttf"; path = "../src/assets/fonts/Montserrat-Bold.ttf"; sourceTree = "<group>"; };
		D7DCCBFFB99A4EF3836BD1A7 /* Fontisto.ttf */ = {isa = PBXFileReference; explicitFileType = undefined; fileEncoding = 9; includeInIndex = 0; lastKnownFileType = unknown; name = Fontisto.ttf; path = "../node_modules/react-native-vector-icons/Fonts/Fontisto.ttf"; sourceTree = "<group>"; };
		DE236A5D2E02423580D6DA46 /* MaterialIcons.ttf */ = {isa = PBXFileReference; explicitFileType = undefined; fileEncoding = 9; includeInIndex = 0; lastKnownFileType = unknown; name = MaterialIcons.ttf; path = "../node_modules/native-base/Fonts/MaterialIcons.ttf"; sourceTree = "<group>"; };
		E13CA262DB884E439DD2461D /* Montserrat-LightItalic.ttf */ = {isa = PBXFileReference; explicitFileType = undefined; fileEncoding = 9; includeInIndex = 0; lastKnownFileType = unknown; name = "Montserrat-LightItalic.ttf"; path = "../src/assets/fonts/Montserrat-LightItalic.ttf"; sourceTree = "<group>"; };
		E1A3047F0B474B8AA11E46E6 /* Montserrat-SemiBold.ttf */ = {isa = PBXFileReference; explicitFileType = undefined; fileEncoding = 9; includeInIndex = 0; lastKnownFileType = unknown; name = "Montserrat-SemiBold.ttf"; path = "../src/assets/fonts/Montserrat-SemiBold.ttf"; sourceTree = "<group>"; };
		E23843F198214D5FA5B8AC30 /* Zocial.ttf */ = {isa = PBXFileReference; explicitFileType = undefined; fileEncoding = 9; includeInIndex = 0; lastKnownFileType = unknown; name = Zocial.ttf; path = "../node_modules/react-native-vector-icons/Fonts/Zocial.ttf"; sourceTree = "<group>"; };
		EBDACC8E8AA54384A8DACDCB /* MaterialCommunityIcons.ttf */ = {isa = PBXFileReference; explicitFileType = undefined; fileEncoding = 9; includeInIndex = 0; lastKnownFileType = unknown; name = MaterialCommunityIcons.ttf; path = "../node_modules/native-base/Fonts/MaterialCommunityIcons.ttf"; sourceTree = "<group>"; };
		ED297162215061F000B7C4FE /* JavaScriptCore.framework */ = {isa = PBXFileReference; lastKnownFileType = wrapper.framework; name = JavaScriptCore.framework; path = System/Library/Frameworks/JavaScriptCore.framework; sourceTree = SDKROOT; };
		ED2971642150620600B7C4FE /* JavaScriptCore.framework */ = {isa = PBXFileReference; lastKnownFileType = wrapper.framework; name = JavaScriptCore.framework; path = Platforms/AppleTVOS.platform/Developer/SDKs/AppleTVOS12.0.sdk/System/Library/Frameworks/JavaScriptCore.framework; sourceTree = DEVELOPER_DIR; };
		F308D5B7340641DFBA21F117 /* FontAwesome5_Solid.ttf */ = {isa = PBXFileReference; explicitFileType = undefined; fileEncoding = 9; includeInIndex = 0; lastKnownFileType = unknown; name = FontAwesome5_Solid.ttf; path = "../node_modules/react-native-vector-icons/Fonts/FontAwesome5_Solid.ttf"; sourceTree = "<group>"; };
		F4EE29ED66C45A9216BC6D6A /* libPods-Paychange-tvOSTests.a */ = {isa = PBXFileReference; explicitFileType = archive.ar; includeInIndex = 0; path = "libPods-Paychange-tvOSTests.a"; sourceTree = BUILT_PRODUCTS_DIR; };
		F97E5213EE104BCEAB0E72D2 /* MaterialCommunityIcons.ttf */ = {isa = PBXFileReference; explicitFileType = undefined; fileEncoding = 9; includeInIndex = 0; lastKnownFileType = unknown; name = MaterialCommunityIcons.ttf; path = "../node_modules/react-native-vector-icons/Fonts/MaterialCommunityIcons.ttf"; sourceTree = "<group>"; };
/* End PBXFileReference section */

/* Begin PBXFrameworksBuildPhase section */
		00E356EB1AD99517003FC87E /* Frameworks */ = {
			isa = PBXFrameworksBuildPhase;
			buildActionMask = 2147483647;
			files = (
				0C490D007FD3A8E9554B1060 /* libPods-Paychange-PaychangeTests.a in Frameworks */,
			);
			runOnlyForDeploymentPostprocessing = 0;
		};
		13B07F8C1A680F5B00A75B9A /* Frameworks */ = {
			isa = PBXFrameworksBuildPhase;
			buildActionMask = 2147483647;
			files = (
				B7635A81D570054C36E0762D /* libPods-Paychange.a in Frameworks */,
			);
			runOnlyForDeploymentPostprocessing = 0;
		};
		2D02E4781E0B4A5D006451C7 /* Frameworks */ = {
			isa = PBXFrameworksBuildPhase;
			buildActionMask = 2147483647;
			files = (
				654A1AA4F5821399A0B1705D /* libPods-Paychange-tvOS.a in Frameworks */,
			);
			runOnlyForDeploymentPostprocessing = 0;
		};
		2D02E48D1E0B4A5D006451C7 /* Frameworks */ = {
			isa = PBXFrameworksBuildPhase;
			buildActionMask = 2147483647;
			files = (
				46BB1895E015A654F7E19425 /* libPods-Paychange-tvOSTests.a in Frameworks */,
			);
			runOnlyForDeploymentPostprocessing = 0;
		};
/* End PBXFrameworksBuildPhase section */

/* Begin PBXGroup section */
		00E356EF1AD99517003FC87E /* PaychangeTests */ = {
			isa = PBXGroup;
			children = (
				00E356F21AD99517003FC87E /* PaychangeTests.m */,
				00E356F01AD99517003FC87E /* Supporting Files */,
			);
			path = PaychangeTests;
			sourceTree = "<group>";
		};
		00E356F01AD99517003FC87E /* Supporting Files */ = {
			isa = PBXGroup;
			children = (
				00E356F11AD99517003FC87E /* Info.plist */,
			);
			name = "Supporting Files";
			sourceTree = "<group>";
		};
		13B07FAE1A68108700A75B9A /* Paychange */ = {
			isa = PBXGroup;
			children = (
				0491CC5325127E7900618A07 /* PaychangeDebug.entitlements */,
				0476D9CD251268400041EE3D /* Paychange.entitlements */,
				008F07F21AC5B25A0029DE68 /* main.jsbundle */,
				13B07FAF1A68108700A75B9A /* AppDelegate.h */,
				13B07FB01A68108700A75B9A /* AppDelegate.m */,
				13B07FB51A68108700A75B9A /* Images.xcassets */,
				13B07FB61A68108700A75B9A /* Info.plist */,
				040C227C2502E32000AB8062 /* GoogleService-Info.plist */,
				81AB9BB72411601600AC10FF /* LaunchScreen.storyboard */,
				13B07FB71A68108700A75B9A /* main.m */,
			);
			name = Paychange;
			sourceTree = "<group>";
		};
		2D16E6871FA4F8E400B85C8A /* Frameworks */ = {
			isa = PBXGroup;
			children = (
				ED297162215061F000B7C4FE /* JavaScriptCore.framework */,
				ED2971642150620600B7C4FE /* JavaScriptCore.framework */,
				5AA48C29FF9B232DFB724129 /* libPods-Paychange.a */,
				15F5CE27F02632C5A0466606 /* libPods-Paychange-PaychangeTests.a */,
				9B0B525F9A350607273A0FA0 /* libPods-Paychange-tvOS.a */,
				F4EE29ED66C45A9216BC6D6A /* libPods-Paychange-tvOSTests.a */,
			);
			name = Frameworks;
			sourceTree = "<group>";
		};
		728D70684650405EA8534E89 /* Resources */ = {
			isa = PBXGroup;
			children = (
				105CD1B6B5254F71A75DC804 /* AntDesign.ttf */,
				93190B15C5CF4872BECE12EC /* Entypo.ttf */,
				62BB93D5F2DC4B2E9B26930F /* EvilIcons.ttf */,
				5DD279CF3BBB4DDAB790F685 /* Feather.ttf */,
				BB2C67240FBA4CA6B78E45D0 /* FontAwesome.ttf */,
				303138B3667A4A64A2E385AE /* FontAwesome5_Brands.ttf */,
				658F2CC7587243E0A535AB6A /* FontAwesome5_Regular.ttf */,
				40B37601EDBF436A9BA13F35 /* FontAwesome5_Solid.ttf */,
				2ED3D0069744436EAA6D0373 /* Fontisto.ttf */,
				6B9150A1C83145DA9C4EA5AE /* Foundation.ttf */,
				1C4FAC7F7C234F5CA5DF0C54 /* Ionicons.ttf */,
				EBDACC8E8AA54384A8DACDCB /* MaterialCommunityIcons.ttf */,
				DE236A5D2E02423580D6DA46 /* MaterialIcons.ttf */,
				A0639AF8C4D34FA5A56A465D /* Octicons.ttf */,
				06A4BBC3E2004D969DB2BF1A /* Roboto_medium.ttf */,
				BA42C572DF644A839E4438CE /* Roboto.ttf */,
				68C00193E496433DBFA737B4 /* rubicon-icon-font.ttf */,
				65B09E78157040499DB672B4 /* SimpleLineIcons.ttf */,
				B2029789DCC64519ABCC28C8 /* Zocial.ttf */,
				0DE88C11E3E14D69972CC4B4 /* AntDesign.ttf */,
				84275E1817DA40C4BE58FC7D /* Entypo.ttf */,
				444313852BFC498B88BD8A7C /* EvilIcons.ttf */,
				70E4B92FE94C44618603DA5C /* Feather.ttf */,
				11960B328EDE47938E6C7304 /* FontAwesome.ttf */,
				87DC8C4BB96F4232952D10B5 /* FontAwesome5_Brands.ttf */,
				9333F5A6CD2344B5B83D4228 /* FontAwesome5_Regular.ttf */,
				F308D5B7340641DFBA21F117 /* FontAwesome5_Solid.ttf */,
				D7DCCBFFB99A4EF3836BD1A7 /* Fontisto.ttf */,
				8B03A7A207584E8A9A3EE46F /* Foundation.ttf */,
				AE2447F029B0477E80FA3EB1 /* Ionicons.ttf */,
				F97E5213EE104BCEAB0E72D2 /* MaterialCommunityIcons.ttf */,
				382DA798F94240F2B1A86309 /* MaterialIcons.ttf */,
				268F5E7AFA774E529BA490EA /* Octicons.ttf */,
				3C036844E1EC4471B8A6B572 /* SimpleLineIcons.ttf */,
				E23843F198214D5FA5B8AC30 /* Zocial.ttf */,
				87FD560E3DE44874B18E4652 /* Montserrat-Black.ttf */,
				BAF0145E5C81411EBD867B1F /* Montserrat-BlackItalic.ttf */,
				BFA15BACA75349468A6611AD /* Montserrat-Bold.ttf */,
				BDB7CE63BE4647A596E09BCB /* Montserrat-BoldItalic.ttf */,
				555D3681E9924436BBF10D80 /* Montserrat-ExtraBold.ttf */,
				6192919696034A63B81855A1 /* Montserrat-ExtraBoldItalic.ttf */,
				9AC6858139D44CFFADF8D882 /* Montserrat-ExtraLight.ttf */,
				1C571743707445C9A9123BDC /* Montserrat-ExtraLightItalic.ttf */,
				0BDF34FFCC8D48999571189A /* Montserrat-Italic.ttf */,
				B8649FC1BC844CC996A3D451 /* Montserrat-Light.ttf */,
				E13CA262DB884E439DD2461D /* Montserrat-LightItalic.ttf */,
				5365A5B72D694CBC9E1EDCE0 /* Montserrat-Medium.ttf */,
				82316454FF224605BE7EC141 /* Montserrat-MediumItalic.ttf */,
				5A3EE2536DED4F24999F7303 /* Montserrat-Regular.ttf */,
				E1A3047F0B474B8AA11E46E6 /* Montserrat-SemiBold.ttf */,
				769CA8EF91034AAD851FA56B /* Montserrat-SemiBoldItalic.ttf */,
				9C86DFAE5D6140A58657028A /* Montserrat-Thin.ttf */,
				9E39424BA094415BB5C08265 /* Montserrat-ThinItalic.ttf */,
				87C8B7AECF154C7B8BD5F7E1 /* Poppins-Black.ttf */,
				3D314B494AA946F6AA058360 /* Poppins-BlackItalic.ttf */,
				B35AC762E27B44089DC17DCA /* Poppins-Bold.ttf */,
				2EB4E93C2D9E4F4B8808672E /* Poppins-BoldItalic.ttf */,
				95FDAA6E0C0B4FBF863B7904 /* Poppins-ExtraBold.ttf */,
				147DC62CF160454585B674EB /* Poppins-ExtraBoldItalic.ttf */,
				6DB63DDBADDA43D5960DF58F /* Poppins-ExtraLight.ttf */,
				3D22ED4DB80C45C292393371 /* Poppins-ExtraLightItalic.ttf */,
				3F2FC260A2DA4B6694685440 /* Poppins-Italic.ttf */,
				7021542D3DC341DF983D7A5D /* Poppins-Light.ttf */,
				779EA309DCAD48E091BABD9C /* Poppins-LightItalic.ttf */,
				2239C541004C4B92B31A3B38 /* Poppins-Medium.ttf */,
				7358D10C44874D5C941AFAAA /* Poppins-MediumItalic.ttf */,
				7998509852F54705B337FC9B /* Poppins-Regular.ttf */,
				757BB96BA74C498581AFA06B /* Poppins-SemiBold.ttf */,
				6C71347031C140C4866B494E /* Poppins-SemiBoldItalic.ttf */,
				BE520D7B6F344E33A8B93F31 /* Poppins-Thin.ttf */,
				66E4A278B337463088B4BAA1 /* Poppins-ThinItalic.ttf */,
				17D658E709864CD39A71DDBB /* Kids-Club-House-Italic.ttf */,
				BDD725A835A04752BF9CAFEC /* Kids-Club-House.ttf */,
			);
			name = Resources;
			sourceTree = "<group>";
		};
		832341AE1AAA6A7D00B99B32 /* Libraries */ = {
			isa = PBXGroup;
			children = (
			);
			name = Libraries;
			sourceTree = "<group>";
		};
		83CBB9F61A601CBA00E9B192 = {
			isa = PBXGroup;
			children = (
				13B07FAE1A68108700A75B9A /* Paychange */,
				832341AE1AAA6A7D00B99B32 /* Libraries */,
				00E356EF1AD99517003FC87E /* PaychangeTests */,
				83CBBA001A601CBA00E9B192 /* Products */,
				2D16E6871FA4F8E400B85C8A /* Frameworks */,
				85595FF848F8A27053D6618D /* Pods */,
				728D70684650405EA8534E89 /* Resources */,
			);
			indentWidth = 2;
			sourceTree = "<group>";
			tabWidth = 2;
			usesTabs = 0;
		};
		83CBBA001A601CBA00E9B192 /* Products */ = {
			isa = PBXGroup;
			children = (
				13B07F961A680F5B00A75B9A /* Paychange.app */,
				00E356EE1AD99517003FC87E /* PaychangeTests.xctest */,
				2D02E47B1E0B4A5D006451C7 /* Paychange-tvOS.app */,
				2D02E4901E0B4A5D006451C7 /* Paychange-tvOSTests.xctest */,
			);
			name = Products;
			sourceTree = "<group>";
		};
		85595FF848F8A27053D6618D /* Pods */ = {
			isa = PBXGroup;
			children = (
				2A68169D1BB630A992BFD0CB /* Pods-Paychange.debug.xcconfig */,
				2F5139E24BCE3E53B4EC2B5C /* Pods-Paychange.release.xcconfig */,
				1CE85CE46E3A0EF6F07771C5 /* Pods-Paychange-PaychangeTests.debug.xcconfig */,
				7C042329331F0F3AFBBA6A4C /* Pods-Paychange-PaychangeTests.release.xcconfig */,
				0C3D444F564E2E7ABB407B20 /* Pods-Paychange-tvOS.debug.xcconfig */,
				25E649E65C665B00F2B81845 /* Pods-Paychange-tvOS.release.xcconfig */,
				46896302B4653848DC184DEE /* Pods-Paychange-tvOSTests.debug.xcconfig */,
				4397595B15B3D3FD2B21D8A6 /* Pods-Paychange-tvOSTests.release.xcconfig */,
			);
			path = Pods;
			sourceTree = "<group>";
		};
/* End PBXGroup section */

/* Begin PBXNativeTarget section */
		00E356ED1AD99517003FC87E /* PaychangeTests */ = {
			isa = PBXNativeTarget;
			buildConfigurationList = 00E357021AD99517003FC87E /* Build configuration list for PBXNativeTarget "PaychangeTests" */;
			buildPhases = (
				CDAC3125DCD03379D59E49E9 /* [CP] Check Pods Manifest.lock */,
				00E356EA1AD99517003FC87E /* Sources */,
				00E356EB1AD99517003FC87E /* Frameworks */,
				00E356EC1AD99517003FC87E /* Resources */,
				9FBE53D3E1AAEE5D028AD3EA /* [CP] Copy Pods Resources */,
			);
			buildRules = (
			);
			dependencies = (
				00E356F51AD99517003FC87E /* PBXTargetDependency */,
			);
			name = PaychangeTests;
			productName = PaychangeTests;
			productReference = 00E356EE1AD99517003FC87E /* PaychangeTests.xctest */;
			productType = "com.apple.product-type.bundle.unit-test";
		};
		13B07F861A680F5B00A75B9A /* Paychange */ = {
			isa = PBXNativeTarget;
			buildConfigurationList = 13B07F931A680F5B00A75B9A /* Build configuration list for PBXNativeTarget "Paychange" */;
			buildPhases = (
				1A9C21367E84AF3881F8B4E7 /* [CP] Check Pods Manifest.lock */,
				FD10A7F022414F080027D42C /* Start Packager */,
				13B07F871A680F5B00A75B9A /* Sources */,
				13B07F8C1A680F5B00A75B9A /* Frameworks */,
				13B07F8E1A680F5B00A75B9A /* Resources */,
				00DD1BFF1BD5951E006B06BC /* Bundle React Native code and images */,
				8D1180A8E891DB468AEE11AB /* [CP] Copy Pods Resources */,
			);
			buildRules = (
			);
			dependencies = (
			);
			name = Paychange;
			productName = Paychange;
			productReference = 13B07F961A680F5B00A75B9A /* Paychange.app */;
			productType = "com.apple.product-type.application";
		};
		2D02E47A1E0B4A5D006451C7 /* Paychange-tvOS */ = {
			isa = PBXNativeTarget;
			buildConfigurationList = 2D02E4BA1E0B4A5E006451C7 /* Build configuration list for PBXNativeTarget "Paychange-tvOS" */;
			buildPhases = (
				F8DD3E0144DB76F7607F6883 /* [CP] Check Pods Manifest.lock */,
				FD10A7F122414F3F0027D42C /* Start Packager */,
				2D02E4771E0B4A5D006451C7 /* Sources */,
				2D02E4781E0B4A5D006451C7 /* Frameworks */,
				2D02E4791E0B4A5D006451C7 /* Resources */,
				2D02E4CB1E0B4B27006451C7 /* Bundle React Native Code And Images */,
			);
			buildRules = (
			);
			dependencies = (
			);
			name = "Paychange-tvOS";
			productName = "Paychange-tvOS";
			productReference = 2D02E47B1E0B4A5D006451C7 /* Paychange-tvOS.app */;
			productType = "com.apple.product-type.application";
		};
		2D02E48F1E0B4A5D006451C7 /* Paychange-tvOSTests */ = {
			isa = PBXNativeTarget;
			buildConfigurationList = 2D02E4BB1E0B4A5E006451C7 /* Build configuration list for PBXNativeTarget "Paychange-tvOSTests" */;
			buildPhases = (
				14DCC925D5BC57FA92328C27 /* [CP] Check Pods Manifest.lock */,
				2D02E48C1E0B4A5D006451C7 /* Sources */,
				2D02E48D1E0B4A5D006451C7 /* Frameworks */,
				2D02E48E1E0B4A5D006451C7 /* Resources */,
			);
			buildRules = (
			);
			dependencies = (
				2D02E4921E0B4A5D006451C7 /* PBXTargetDependency */,
			);
			name = "Paychange-tvOSTests";
			productName = "Paychange-tvOSTests";
			productReference = 2D02E4901E0B4A5D006451C7 /* Paychange-tvOSTests.xctest */;
			productType = "com.apple.product-type.bundle.unit-test";
		};
/* End PBXNativeTarget section */

/* Begin PBXProject section */
		83CBB9F71A601CBA00E9B192 /* Project object */ = {
			isa = PBXProject;
			attributes = {
				LastUpgradeCheck = 1130;
				TargetAttributes = {
					00E356ED1AD99517003FC87E = {
						CreatedOnToolsVersion = 6.2;
						TestTargetID = 13B07F861A680F5B00A75B9A;
					};
					13B07F861A680F5B00A75B9A = {
						DevelopmentTeam = 9KS5M668LD;
						LastSwiftMigration = 1120;
					};
					2D02E47A1E0B4A5D006451C7 = {
						CreatedOnToolsVersion = 8.2.1;
						DevelopmentTeam = 9KS5M668LD;
						ProvisioningStyle = Automatic;
					};
					2D02E48F1E0B4A5D006451C7 = {
						CreatedOnToolsVersion = 8.2.1;
						DevelopmentTeam = 9KS5M668LD;
						ProvisioningStyle = Automatic;
						TestTargetID = 2D02E47A1E0B4A5D006451C7;
					};
				};
			};
			buildConfigurationList = 83CBB9FA1A601CBA00E9B192 /* Build configuration list for PBXProject "Paychange" */;
			compatibilityVersion = "Xcode 3.2";
			developmentRegion = en;
			hasScannedForEncodings = 0;
			knownRegions = (
				en,
				Base,
			);
			mainGroup = 83CBB9F61A601CBA00E9B192;
			productRefGroup = 83CBBA001A601CBA00E9B192 /* Products */;
			projectDirPath = "";
			projectRoot = "";
			targets = (
				13B07F861A680F5B00A75B9A /* Paychange */,
				00E356ED1AD99517003FC87E /* PaychangeTests */,
				2D02E47A1E0B4A5D006451C7 /* Paychange-tvOS */,
				2D02E48F1E0B4A5D006451C7 /* Paychange-tvOSTests */,
			);
		};
/* End PBXProject section */

/* Begin PBXResourcesBuildPhase section */
		00E356EC1AD99517003FC87E /* Resources */ = {
			isa = PBXResourcesBuildPhase;
			buildActionMask = 2147483647;
			files = (
			);
			runOnlyForDeploymentPostprocessing = 0;
		};
		13B07F8E1A680F5B00A75B9A /* Resources */ = {
			isa = PBXResourcesBuildPhase;
			buildActionMask = 2147483647;
			files = (
				81AB9BB82411601600AC10FF /* LaunchScreen.storyboard in Resources */,
				13B07FBF1A68108700A75B9A /* Images.xcassets in Resources */,
				1CF7B05F110043F2BCFE26DD /* AntDesign.ttf in Resources */,
				06BBAB0584D6401C9672DD96 /* Entypo.ttf in Resources */,
				78E3B7C64FB4466D88CDA21F /* EvilIcons.ttf in Resources */,
				93C6370F0D7D4CE5A8C3DE61 /* Feather.ttf in Resources */,
				D3389CBF262A4E0EA2C98E11 /* FontAwesome.ttf in Resources */,
				D4451CF5324742BF99557832 /* FontAwesome5_Brands.ttf in Resources */,
				DAEE8E626E8B4FA0933EED39 /* FontAwesome5_Regular.ttf in Resources */,
				8416081F9E8B48E9BBF50C08 /* FontAwesome5_Solid.ttf in Resources */,
				9F0C416934684F32BA2AEB1F /* Fontisto.ttf in Resources */,
				A95C07A631D44D40B6A2E377 /* Foundation.ttf in Resources */,
				52C1C3A5CCD2475497B6CD43 /* Ionicons.ttf in Resources */,
				D3BC0A646AD14949BA868B82 /* MaterialCommunityIcons.ttf in Resources */,
				0A4CABC55159423384FDD00F /* MaterialIcons.ttf in Resources */,
				C1836005334C468A86FE6640 /* Octicons.ttf in Resources */,
				EB6D71471B1B4FBCA58F473A /* Roboto_medium.ttf in Resources */,
				97EC62210FC846198DB2535A /* Roboto.ttf in Resources */,
				FB854D65135D408DA0A1D87C /* rubicon-icon-font.ttf in Resources */,
				626CA112DE5944A7B131970D /* SimpleLineIcons.ttf in Resources */,
				5745BF1ABCCE4C7C801D0138 /* Zocial.ttf in Resources */,
				01598C32C31A4BF2848CC7CA /* Montserrat-Black.ttf in Resources */,
				E0D9B2850B8344FB89EF24A1 /* Montserrat-BlackItalic.ttf in Resources */,
				DDC32F07E99C47CBAF1DE001 /* Montserrat-Bold.ttf in Resources */,
				5818265AB4F84881A2B54279 /* Montserrat-BoldItalic.ttf in Resources */,
				694BBF6B460A44F6A2DFD893 /* Montserrat-ExtraBold.ttf in Resources */,
				5482402A27794B68821C8C71 /* Montserrat-ExtraBoldItalic.ttf in Resources */,
				24AD03EBA26F4629BD3AC41B /* Montserrat-ExtraLight.ttf in Resources */,
				CC637461BBD045E0ACDD9E0B /* Montserrat-ExtraLightItalic.ttf in Resources */,
				F76C46DC0C07479EA76AC5A6 /* Montserrat-Italic.ttf in Resources */,
				2B3A3F64E5304A40A2F81950 /* Montserrat-Light.ttf in Resources */,
				3AF027B0F5EC4540AEF4FD31 /* Montserrat-LightItalic.ttf in Resources */,
				E0E6E00C09DC4E68A17081CC /* Montserrat-Medium.ttf in Resources */,
				040C227D2502E32000AB8062 /* GoogleService-Info.plist in Resources */,
				E2DE15E9F86145E3B0EA105B /* Montserrat-MediumItalic.ttf in Resources */,
				9ECE8D782BCA44D6A88737DD /* Montserrat-Regular.ttf in Resources */,
				29D353A3671C4EF2B1324B2C /* Montserrat-SemiBold.ttf in Resources */,
				005CD4845C8B447AA35B6B79 /* Montserrat-SemiBoldItalic.ttf in Resources */,
				39BC74B2FBF94EB8BC3B60EB /* Montserrat-Thin.ttf in Resources */,
				4536413152D6405CAA274347 /* Montserrat-ThinItalic.ttf in Resources */,
				9665E92B10F2407F9BE391C1 /* Poppins-Black.ttf in Resources */,
				7F44FB1B1DD64394A6E566CE /* Poppins-BlackItalic.ttf in Resources */,
				54B562477F3749588C405E84 /* Poppins-Bold.ttf in Resources */,
				484040E2E9E74F36B464F6B6 /* Poppins-BoldItalic.ttf in Resources */,
				1F59EA6A55A5449D98B129B1 /* Poppins-ExtraBold.ttf in Resources */,
				9546747FBB134B779F08A3F9 /* Poppins-ExtraBoldItalic.ttf in Resources */,
				77D753CD1EAB438EABBCCFDC /* Poppins-ExtraLight.ttf in Resources */,
				630A613E3DD146E8A4200818 /* Poppins-ExtraLightItalic.ttf in Resources */,
				4AA9044ADC154D57AAB8BEEF /* Poppins-Italic.ttf in Resources */,
				1A2D81399CF34B5CA591B7FD /* Poppins-Light.ttf in Resources */,
				50D690A1CC7F4CB597AA4FE3 /* Poppins-LightItalic.ttf in Resources */,
				B84624A97D594F4EB552B61F /* Poppins-Medium.ttf in Resources */,
				9A08167CF648473FBF3DE7E9 /* Poppins-MediumItalic.ttf in Resources */,
				F8CEE0D8DA0445B9BE9C7ED9 /* Poppins-Regular.ttf in Resources */,
				8C5D65DC6DAA4F279A4B9139 /* Poppins-SemiBold.ttf in Resources */,
				1D05EAEA12B64CBDA8749264 /* Poppins-SemiBoldItalic.ttf in Resources */,
				0028179483C84AC1BFDAB799 /* Poppins-Thin.ttf in Resources */,
				DD5D6127F0DD4C8188E700A3 /* Poppins-ThinItalic.ttf in Resources */,
				0963F52D53ED4CD39AD3615C /* Kids-Club-House-Italic.ttf in Resources */,
				FE5CE2FDCEE54FFE80733A2E /* Kids-Club-House.ttf in Resources */,
			);
			runOnlyForDeploymentPostprocessing = 0;
		};
		2D02E4791E0B4A5D006451C7 /* Resources */ = {
			isa = PBXResourcesBuildPhase;
			buildActionMask = 2147483647;
			files = (
				2D02E4BD1E0B4A84006451C7 /* Images.xcassets in Resources */,
			);
			runOnlyForDeploymentPostprocessing = 0;
		};
		2D02E48E1E0B4A5D006451C7 /* Resources */ = {
			isa = PBXResourcesBuildPhase;
			buildActionMask = 2147483647;
			files = (
			);
			runOnlyForDeploymentPostprocessing = 0;
		};
/* End PBXResourcesBuildPhase section */

/* Begin PBXShellScriptBuildPhase section */
		00DD1BFF1BD5951E006B06BC /* Bundle React Native code and images */ = {
			isa = PBXShellScriptBuildPhase;
			buildActionMask = 2147483647;
			files = (
			);
			inputPaths = (
			);
			name = "Bundle React Native code and images";
			outputPaths = (
			);
			runOnlyForDeploymentPostprocessing = 0;
			shellPath = /bin/sh;
			shellScript = "export NODE_BINARY=node\n../node_modules/react-native/scripts/react-native-xcode.sh\n";
		};
		14DCC925D5BC57FA92328C27 /* [CP] Check Pods Manifest.lock */ = {
			isa = PBXShellScriptBuildPhase;
			buildActionMask = 2147483647;
			files = (
			);
			inputFileListPaths = (
			);
			inputPaths = (
				"${PODS_PODFILE_DIR_PATH}/Podfile.lock",
				"${PODS_ROOT}/Manifest.lock",
			);
			name = "[CP] Check Pods Manifest.lock";
			outputFileListPaths = (
			);
			outputPaths = (
				"$(DERIVED_FILE_DIR)/Pods-Paychange-tvOSTests-checkManifestLockResult.txt",
			);
			runOnlyForDeploymentPostprocessing = 0;
			shellPath = /bin/sh;
			shellScript = "diff \"${PODS_PODFILE_DIR_PATH}/Podfile.lock\" \"${PODS_ROOT}/Manifest.lock\" > /dev/null\nif [ $? != 0 ] ; then\n    # print error to STDERR\n    echo \"error: The sandbox is not in sync with the Podfile.lock. Run 'pod install' or update your CocoaPods installation.\" >&2\n    exit 1\nfi\n# This output is used by Xcode 'outputs' to avoid re-running this script phase.\necho \"SUCCESS\" > \"${SCRIPT_OUTPUT_FILE_0}\"\n";
			showEnvVarsInLog = 0;
		};
		1A9C21367E84AF3881F8B4E7 /* [CP] Check Pods Manifest.lock */ = {
			isa = PBXShellScriptBuildPhase;
			buildActionMask = 2147483647;
			files = (
			);
			inputFileListPaths = (
			);
			inputPaths = (
				"${PODS_PODFILE_DIR_PATH}/Podfile.lock",
				"${PODS_ROOT}/Manifest.lock",
			);
			name = "[CP] Check Pods Manifest.lock";
			outputFileListPaths = (
			);
			outputPaths = (
				"$(DERIVED_FILE_DIR)/Pods-Paychange-checkManifestLockResult.txt",
			);
			runOnlyForDeploymentPostprocessing = 0;
			shellPath = /bin/sh;
			shellScript = "diff \"${PODS_PODFILE_DIR_PATH}/Podfile.lock\" \"${PODS_ROOT}/Manifest.lock\" > /dev/null\nif [ $? != 0 ] ; then\n    # print error to STDERR\n    echo \"error: The sandbox is not in sync with the Podfile.lock. Run 'pod install' or update your CocoaPods installation.\" >&2\n    exit 1\nfi\n# This output is used by Xcode 'outputs' to avoid re-running this script phase.\necho \"SUCCESS\" > \"${SCRIPT_OUTPUT_FILE_0}\"\n";
			showEnvVarsInLog = 0;
		};
		2D02E4CB1E0B4B27006451C7 /* Bundle React Native Code And Images */ = {
			isa = PBXShellScriptBuildPhase;
			buildActionMask = 2147483647;
			files = (
			);
			inputPaths = (
			);
			name = "Bundle React Native Code And Images";
			outputPaths = (
			);
			runOnlyForDeploymentPostprocessing = 0;
			shellPath = /bin/sh;
			shellScript = "export NODE_BINARY=node\n../node_modules/react-native/scripts/react-native-xcode.sh";
		};
		8D1180A8E891DB468AEE11AB /* [CP] Copy Pods Resources */ = {
			isa = PBXShellScriptBuildPhase;
			buildActionMask = 2147483647;
			files = (
			);
			inputPaths = (
				"${PODS_ROOT}/Target Support Files/Pods-Paychange/Pods-Paychange-resources.sh",
				"${PODS_CONFIGURATION_BUILD_DIR}/React-Core/AccessibilityResources.bundle",
			);
			name = "[CP] Copy Pods Resources";
			outputPaths = (
				"${TARGET_BUILD_DIR}/${UNLOCALIZED_RESOURCES_FOLDER_PATH}/AccessibilityResources.bundle",
			);
			runOnlyForDeploymentPostprocessing = 0;
			shellPath = /bin/sh;
			shellScript = "\"${PODS_ROOT}/Target Support Files/Pods-Paychange/Pods-Paychange-resources.sh\"\n";
			showEnvVarsInLog = 0;
		};
		9FBE53D3E1AAEE5D028AD3EA /* [CP] Copy Pods Resources */ = {
			isa = PBXShellScriptBuildPhase;
			buildActionMask = 2147483647;
			files = (
			);
			inputPaths = (
				"${PODS_ROOT}/Target Support Files/Pods-Paychange-PaychangeTests/Pods-Paychange-PaychangeTests-resources.sh",
				"${PODS_ROOT}/../../node_modules/react-native-vector-icons/Fonts/AntDesign.ttf",
				"${PODS_ROOT}/../../node_modules/react-native-vector-icons/Fonts/Entypo.ttf",
				"${PODS_ROOT}/../../node_modules/react-native-vector-icons/Fonts/EvilIcons.ttf",
				"${PODS_ROOT}/../../node_modules/react-native-vector-icons/Fonts/Feather.ttf",
				"${PODS_ROOT}/../../node_modules/react-native-vector-icons/Fonts/FontAwesome.ttf",
				"${PODS_ROOT}/../../node_modules/react-native-vector-icons/Fonts/FontAwesome5_Brands.ttf",
				"${PODS_ROOT}/../../node_modules/react-native-vector-icons/Fonts/FontAwesome5_Regular.ttf",
				"${PODS_ROOT}/../../node_modules/react-native-vector-icons/Fonts/FontAwesome5_Solid.ttf",
				"${PODS_ROOT}/../../node_modules/react-native-vector-icons/Fonts/Fontisto.ttf",
				"${PODS_ROOT}/../../node_modules/react-native-vector-icons/Fonts/Foundation.ttf",
				"${PODS_ROOT}/../../node_modules/react-native-vector-icons/Fonts/Ionicons.ttf",
				"${PODS_ROOT}/../../node_modules/react-native-vector-icons/Fonts/MaterialCommunityIcons.ttf",
				"${PODS_ROOT}/../../node_modules/react-native-vector-icons/Fonts/MaterialIcons.ttf",
				"${PODS_ROOT}/../../node_modules/react-native-vector-icons/Fonts/Octicons.ttf",
				"${PODS_ROOT}/../../node_modules/react-native-vector-icons/Fonts/SimpleLineIcons.ttf",
				"${PODS_ROOT}/../../node_modules/react-native-vector-icons/Fonts/Zocial.ttf",
				"${PODS_CONFIGURATION_BUILD_DIR}/React-Core/AccessibilityResources.bundle",
			);
			name = "[CP] Copy Pods Resources";
			outputPaths = (
				"${TARGET_BUILD_DIR}/${UNLOCALIZED_RESOURCES_FOLDER_PATH}/AntDesign.ttf",
				"${TARGET_BUILD_DIR}/${UNLOCALIZED_RESOURCES_FOLDER_PATH}/Entypo.ttf",
				"${TARGET_BUILD_DIR}/${UNLOCALIZED_RESOURCES_FOLDER_PATH}/EvilIcons.ttf",
				"${TARGET_BUILD_DIR}/${UNLOCALIZED_RESOURCES_FOLDER_PATH}/Feather.ttf",
				"${TARGET_BUILD_DIR}/${UNLOCALIZED_RESOURCES_FOLDER_PATH}/FontAwesome.ttf",
				"${TARGET_BUILD_DIR}/${UNLOCALIZED_RESOURCES_FOLDER_PATH}/FontAwesome5_Brands.ttf",
				"${TARGET_BUILD_DIR}/${UNLOCALIZED_RESOURCES_FOLDER_PATH}/FontAwesome5_Regular.ttf",
				"${TARGET_BUILD_DIR}/${UNLOCALIZED_RESOURCES_FOLDER_PATH}/FontAwesome5_Solid.ttf",
				"${TARGET_BUILD_DIR}/${UNLOCALIZED_RESOURCES_FOLDER_PATH}/Fontisto.ttf",
				"${TARGET_BUILD_DIR}/${UNLOCALIZED_RESOURCES_FOLDER_PATH}/Foundation.ttf",
				"${TARGET_BUILD_DIR}/${UNLOCALIZED_RESOURCES_FOLDER_PATH}/Ionicons.ttf",
				"${TARGET_BUILD_DIR}/${UNLOCALIZED_RESOURCES_FOLDER_PATH}/MaterialCommunityIcons.ttf",
				"${TARGET_BUILD_DIR}/${UNLOCALIZED_RESOURCES_FOLDER_PATH}/MaterialIcons.ttf",
				"${TARGET_BUILD_DIR}/${UNLOCALIZED_RESOURCES_FOLDER_PATH}/Octicons.ttf",
				"${TARGET_BUILD_DIR}/${UNLOCALIZED_RESOURCES_FOLDER_PATH}/SimpleLineIcons.ttf",
				"${TARGET_BUILD_DIR}/${UNLOCALIZED_RESOURCES_FOLDER_PATH}/Zocial.ttf",
				"${TARGET_BUILD_DIR}/${UNLOCALIZED_RESOURCES_FOLDER_PATH}/AccessibilityResources.bundle",
			);
			runOnlyForDeploymentPostprocessing = 0;
			shellPath = /bin/sh;
			shellScript = "\"${PODS_ROOT}/Target Support Files/Pods-Paychange-PaychangeTests/Pods-Paychange-PaychangeTests-resources.sh\"\n";
			showEnvVarsInLog = 0;
		};
		CDAC3125DCD03379D59E49E9 /* [CP] Check Pods Manifest.lock */ = {
			isa = PBXShellScriptBuildPhase;
			buildActionMask = 2147483647;
			files = (
			);
			inputFileListPaths = (
			);
			inputPaths = (
				"${PODS_PODFILE_DIR_PATH}/Podfile.lock",
				"${PODS_ROOT}/Manifest.lock",
			);
			name = "[CP] Check Pods Manifest.lock";
			outputFileListPaths = (
			);
			outputPaths = (
				"$(DERIVED_FILE_DIR)/Pods-Paychange-PaychangeTests-checkManifestLockResult.txt",
			);
			runOnlyForDeploymentPostprocessing = 0;
			shellPath = /bin/sh;
			shellScript = "diff \"${PODS_PODFILE_DIR_PATH}/Podfile.lock\" \"${PODS_ROOT}/Manifest.lock\" > /dev/null\nif [ $? != 0 ] ; then\n    # print error to STDERR\n    echo \"error: The sandbox is not in sync with the Podfile.lock. Run 'pod install' or update your CocoaPods installation.\" >&2\n    exit 1\nfi\n# This output is used by Xcode 'outputs' to avoid re-running this script phase.\necho \"SUCCESS\" > \"${SCRIPT_OUTPUT_FILE_0}\"\n";
			showEnvVarsInLog = 0;
		};
		F8DD3E0144DB76F7607F6883 /* [CP] Check Pods Manifest.lock */ = {
			isa = PBXShellScriptBuildPhase;
			buildActionMask = 2147483647;
			files = (
			);
			inputFileListPaths = (
			);
			inputPaths = (
				"${PODS_PODFILE_DIR_PATH}/Podfile.lock",
				"${PODS_ROOT}/Manifest.lock",
			);
			name = "[CP] Check Pods Manifest.lock";
			outputFileListPaths = (
			);
			outputPaths = (
				"$(DERIVED_FILE_DIR)/Pods-Paychange-tvOS-checkManifestLockResult.txt",
			);
			runOnlyForDeploymentPostprocessing = 0;
			shellPath = /bin/sh;
			shellScript = "diff \"${PODS_PODFILE_DIR_PATH}/Podfile.lock\" \"${PODS_ROOT}/Manifest.lock\" > /dev/null\nif [ $? != 0 ] ; then\n    # print error to STDERR\n    echo \"error: The sandbox is not in sync with the Podfile.lock. Run 'pod install' or update your CocoaPods installation.\" >&2\n    exit 1\nfi\n# This output is used by Xcode 'outputs' to avoid re-running this script phase.\necho \"SUCCESS\" > \"${SCRIPT_OUTPUT_FILE_0}\"\n";
			showEnvVarsInLog = 0;
		};
		FD10A7F022414F080027D42C /* Start Packager */ = {
			isa = PBXShellScriptBuildPhase;
			buildActionMask = 2147483647;
			files = (
			);
			inputFileListPaths = (
			);
			inputPaths = (
			);
			name = "Start Packager";
			outputFileListPaths = (
			);
			outputPaths = (
			);
			runOnlyForDeploymentPostprocessing = 0;
			shellPath = /bin/sh;
			shellScript = "export RCT_METRO_PORT=\"${RCT_METRO_PORT:=8081}\"\necho \"export RCT_METRO_PORT=${RCT_METRO_PORT}\" > \"${SRCROOT}/../node_modules/react-native/scripts/.packager.env\"\nif [ -z \"${RCT_NO_LAUNCH_PACKAGER+xxx}\" ] ; then\n  if nc -w 5 -z localhost ${RCT_METRO_PORT} ; then\n    if ! curl -s \"http://localhost:${RCT_METRO_PORT}/status\" | grep -q \"packager-status:running\" ; then\n      echo \"Port ${RCT_METRO_PORT} already in use, packager is either not running or not running correctly\"\n      exit 2\n    fi\n  else\n    open \"$SRCROOT/../node_modules/react-native/scripts/launchPackager.command\" || echo \"Can't start packager automatically\"\n  fi\nfi\n";
			showEnvVarsInLog = 0;
		};
		FD10A7F122414F3F0027D42C /* Start Packager */ = {
			isa = PBXShellScriptBuildPhase;
			buildActionMask = 2147483647;
			files = (
			);
			inputFileListPaths = (
			);
			inputPaths = (
			);
			name = "Start Packager";
			outputFileListPaths = (
			);
			outputPaths = (
			);
			runOnlyForDeploymentPostprocessing = 0;
			shellPath = /bin/sh;
			shellScript = "export RCT_METRO_PORT=\"${RCT_METRO_PORT:=8081}\"\necho \"export RCT_METRO_PORT=${RCT_METRO_PORT}\" > \"${SRCROOT}/../node_modules/react-native/scripts/.packager.env\"\nif [ -z \"${RCT_NO_LAUNCH_PACKAGER+xxx}\" ] ; then\n  if nc -w 5 -z localhost ${RCT_METRO_PORT} ; then\n    if ! curl -s \"http://localhost:${RCT_METRO_PORT}/status\" | grep -q \"packager-status:running\" ; then\n      echo \"Port ${RCT_METRO_PORT} already in use, packager is either not running or not running correctly\"\n      exit 2\n    fi\n  else\n    open \"$SRCROOT/../node_modules/react-native/scripts/launchPackager.command\" || echo \"Can't start packager automatically\"\n  fi\nfi\n";
			showEnvVarsInLog = 0;
		};
/* End PBXShellScriptBuildPhase section */

/* Begin PBXSourcesBuildPhase section */
		00E356EA1AD99517003FC87E /* Sources */ = {
			isa = PBXSourcesBuildPhase;
			buildActionMask = 2147483647;
			files = (
				00E356F31AD99517003FC87E /* PaychangeTests.m in Sources */,
			);
			runOnlyForDeploymentPostprocessing = 0;
		};
		13B07F871A680F5B00A75B9A /* Sources */ = {
			isa = PBXSourcesBuildPhase;
			buildActionMask = 2147483647;
			files = (
				13B07FBC1A68108700A75B9A /* AppDelegate.m in Sources */,
				13B07FC11A68108700A75B9A /* main.m in Sources */,
			);
			runOnlyForDeploymentPostprocessing = 0;
		};
		2D02E4771E0B4A5D006451C7 /* Sources */ = {
			isa = PBXSourcesBuildPhase;
			buildActionMask = 2147483647;
			files = (
				2D02E4BF1E0B4AB3006451C7 /* main.m in Sources */,
				2D02E4BC1E0B4A80006451C7 /* AppDelegate.m in Sources */,
			);
			runOnlyForDeploymentPostprocessing = 0;
		};
		2D02E48C1E0B4A5D006451C7 /* Sources */ = {
			isa = PBXSourcesBuildPhase;
			buildActionMask = 2147483647;
			files = (
				2DCD954D1E0B4F2C00145EB5 /* PaychangeTests.m in Sources */,
			);
			runOnlyForDeploymentPostprocessing = 0;
		};
/* End PBXSourcesBuildPhase section */

/* Begin PBXTargetDependency section */
		00E356F51AD99517003FC87E /* PBXTargetDependency */ = {
			isa = PBXTargetDependency;
			target = 13B07F861A680F5B00A75B9A /* Paychange */;
			targetProxy = 00E356F41AD99517003FC87E /* PBXContainerItemProxy */;
		};
		2D02E4921E0B4A5D006451C7 /* PBXTargetDependency */ = {
			isa = PBXTargetDependency;
			target = 2D02E47A1E0B4A5D006451C7 /* Paychange-tvOS */;
			targetProxy = 2D02E4911E0B4A5D006451C7 /* PBXContainerItemProxy */;
		};
/* End PBXTargetDependency section */

/* Begin XCBuildConfiguration section */
		00E356F61AD99517003FC87E /* Debug */ = {
			isa = XCBuildConfiguration;
			baseConfigurationReference = 1CE85CE46E3A0EF6F07771C5 /* Pods-Paychange-PaychangeTests.debug.xcconfig */;
			buildSettings = {
				BUNDLE_LOADER = "$(TEST_HOST)";
				GCC_PREPROCESSOR_DEFINITIONS = (
					"DEBUG=1",
					"$(inherited)",
				);
				INFOPLIST_FILE = PaychangeTests/Info.plist;
				IPHONEOS_DEPLOYMENT_TARGET = 10.0;
				LD_RUNPATH_SEARCH_PATHS = "$(inherited) @executable_path/Frameworks @loader_path/Frameworks";
				OTHER_LDFLAGS = (
					"-ObjC",
					"-lc++",
					"$(inherited)",
				);
				PRODUCT_BUNDLE_IDENTIFIER = "org.reactjs.native.example.$(PRODUCT_NAME:rfc1034identifier)";
				PRODUCT_NAME = "$(TARGET_NAME)";
				TEST_HOST = "$(BUILT_PRODUCTS_DIR)/Paychange.app/Paychange";
			};
			name = Debug;
		};
		00E356F71AD99517003FC87E /* Release */ = {
			isa = XCBuildConfiguration;
			baseConfigurationReference = 7C042329331F0F3AFBBA6A4C /* Pods-Paychange-PaychangeTests.release.xcconfig */;
			buildSettings = {
				BUNDLE_LOADER = "$(TEST_HOST)";
				COPY_PHASE_STRIP = NO;
				INFOPLIST_FILE = PaychangeTests/Info.plist;
				IPHONEOS_DEPLOYMENT_TARGET = 10.0;
				LD_RUNPATH_SEARCH_PATHS = "$(inherited) @executable_path/Frameworks @loader_path/Frameworks";
				OTHER_LDFLAGS = (
					"-ObjC",
					"-lc++",
					"$(inherited)",
				);
				PRODUCT_BUNDLE_IDENTIFIER = "org.reactjs.native.example.$(PRODUCT_NAME:rfc1034identifier)";
				PRODUCT_NAME = "$(TARGET_NAME)";
				TEST_HOST = "$(BUILT_PRODUCTS_DIR)/Paychange.app/Paychange";
			};
			name = Release;
		};
		13B07F941A680F5B00A75B9A /* Debug */ = {
			isa = XCBuildConfiguration;
			baseConfigurationReference = 2A68169D1BB630A992BFD0CB /* Pods-Paychange.debug.xcconfig */;
			buildSettings = {
				ASSETCATALOG_COMPILER_APPICON_NAME = AppIcon;
				CLANG_ENABLE_MODULES = YES;
				CODE_SIGN_ENTITLEMENTS = Paychange/PaychangeDebug.entitlements;
				CURRENT_PROJECT_VERSION = 1;
				DEVELOPMENT_TEAM = 9KS5M668LD;
				ENABLE_BITCODE = NO;
				INFOPLIST_FILE = Paychange/Info.plist;
				LD_RUNPATH_SEARCH_PATHS = "$(inherited) @executable_path/Frameworks";
				MARKETING_VERSION = 1.38;
				OTHER_LDFLAGS = (
					"$(inherited)",
					"-ObjC",
					"-lc++",
				);
				PRODUCT_BUNDLE_IDENTIFIER = ng.paychange;
				PRODUCT_NAME = Paychange;
				SWIFT_OPTIMIZATION_LEVEL = "-Onone";
				SWIFT_VERSION = 5.0;
				VERSIONING_SYSTEM = "apple-generic";
			};
			name = Debug;
		};
		13B07F951A680F5B00A75B9A /* Release */ = {
			isa = XCBuildConfiguration;
			baseConfigurationReference = 2F5139E24BCE3E53B4EC2B5C /* Pods-Paychange.release.xcconfig */;
			buildSettings = {
				ASSETCATALOG_COMPILER_APPICON_NAME = AppIcon;
				CLANG_ENABLE_MODULES = YES;
				CODE_SIGN_ENTITLEMENTS = Paychange/Paychange.entitlements;
				CURRENT_PROJECT_VERSION = 1;
				DEVELOPMENT_TEAM = 9KS5M668LD;
				INFOPLIST_FILE = Paychange/Info.plist;
				LD_RUNPATH_SEARCH_PATHS = "$(inherited) @executable_path/Frameworks";
				MARKETING_VERSION = 1.38;
				OTHER_LDFLAGS = (
					"$(inherited)",
					"-ObjC",
					"-lc++",
				);
				PRODUCT_BUNDLE_IDENTIFIER = ng.paychange;
				PRODUCT_NAME = Paychange;
				SWIFT_VERSION = 5.0;
				VERSIONING_SYSTEM = "apple-generic";
			};
			name = Release;
		};
		2D02E4971E0B4A5E006451C7 /* Debug */ = {
			isa = XCBuildConfiguration;
			baseConfigurationReference = 0C3D444F564E2E7ABB407B20 /* Pods-Paychange-tvOS.debug.xcconfig */;
			buildSettings = {
				ASSETCATALOG_COMPILER_APPICON_NAME = "App Icon & Top Shelf Image";
				ASSETCATALOG_COMPILER_LAUNCHIMAGE_NAME = LaunchImage;
				CLANG_ANALYZER_NONNULL = YES;
				CLANG_WARN_DOCUMENTATION_COMMENTS = YES;
				CLANG_WARN_INFINITE_RECURSION = YES;
				CLANG_WARN_SUSPICIOUS_MOVE = YES;
				DEBUG_INFORMATION_FORMAT = dwarf;
				DEVELOPMENT_TEAM = 9KS5M668LD;
				ENABLE_TESTABILITY = YES;
				GCC_NO_COMMON_BLOCKS = YES;
				INFOPLIST_FILE = "Paychange-tvOS/Info.plist";
				LD_RUNPATH_SEARCH_PATHS = "$(inherited) @executable_path/Frameworks";
				OTHER_LDFLAGS = (
					"$(inherited)",
					"-ObjC",
					"-lc++",
				);
				PRODUCT_BUNDLE_IDENTIFIER = ng.paychange;
				PRODUCT_NAME = "$(TARGET_NAME)";
				SDKROOT = appletvos;
				TARGETED_DEVICE_FAMILY = 3;
				TVOS_DEPLOYMENT_TARGET = 10.0;
			};
			name = Debug;
		};
		2D02E4981E0B4A5E006451C7 /* Release */ = {
			isa = XCBuildConfiguration;
			baseConfigurationReference = 25E649E65C665B00F2B81845 /* Pods-Paychange-tvOS.release.xcconfig */;
			buildSettings = {
				ASSETCATALOG_COMPILER_APPICON_NAME = "App Icon & Top Shelf Image";
				ASSETCATALOG_COMPILER_LAUNCHIMAGE_NAME = LaunchImage;
				CLANG_ANALYZER_NONNULL = YES;
				CLANG_WARN_DOCUMENTATION_COMMENTS = YES;
				CLANG_WARN_INFINITE_RECURSION = YES;
				CLANG_WARN_SUSPICIOUS_MOVE = YES;
				COPY_PHASE_STRIP = NO;
				DEBUG_INFORMATION_FORMAT = "dwarf-with-dsym";
				GCC_NO_COMMON_BLOCKS = YES;
				INFOPLIST_FILE = "Paychange-tvOS/Info.plist";
				LD_RUNPATH_SEARCH_PATHS = "$(inherited) @executable_path/Frameworks";
				OTHER_LDFLAGS = (
					"$(inherited)",
					"-ObjC",
					"-lc++",
				);
				PRODUCT_BUNDLE_IDENTIFIER = "org.reactjs.native.example.Paychange-tvOS";
				PRODUCT_NAME = "$(TARGET_NAME)";
				SDKROOT = appletvos;
				TARGETED_DEVICE_FAMILY = 3;
				TVOS_DEPLOYMENT_TARGET = 10.0;
			};
			name = Release;
		};
		2D02E4991E0B4A5E006451C7 /* Debug */ = {
			isa = XCBuildConfiguration;
			baseConfigurationReference = 46896302B4653848DC184DEE /* Pods-Paychange-tvOSTests.debug.xcconfig */;
			buildSettings = {
				BUNDLE_LOADER = "$(TEST_HOST)";
				CLANG_ANALYZER_NONNULL = YES;
				CLANG_WARN_DOCUMENTATION_COMMENTS = YES;
				CLANG_WARN_INFINITE_RECURSION = YES;
				CLANG_WARN_SUSPICIOUS_MOVE = YES;
				DEBUG_INFORMATION_FORMAT = dwarf;
				DEVELOPMENT_TEAM = 9KS5M668LD;
				ENABLE_TESTABILITY = YES;
				GCC_NO_COMMON_BLOCKS = YES;
				INFOPLIST_FILE = "Paychange-tvOSTests/Info.plist";
				LD_RUNPATH_SEARCH_PATHS = "$(inherited) @executable_path/Frameworks @loader_path/Frameworks";
				OTHER_LDFLAGS = (
					"$(inherited)",
					"-ObjC",
					"-lc++",
				);
				PRODUCT_BUNDLE_IDENTIFIER = "org.reactjs.native.example.Paychange-tvOSTests";
				PRODUCT_NAME = "$(TARGET_NAME)";
				SDKROOT = appletvos;
				TEST_HOST = "$(BUILT_PRODUCTS_DIR)/Paychange-tvOS.app/Paychange-tvOS";
				TVOS_DEPLOYMENT_TARGET = 10.1;
			};
			name = Debug;
		};
		2D02E49A1E0B4A5E006451C7 /* Release */ = {
			isa = XCBuildConfiguration;
			baseConfigurationReference = 4397595B15B3D3FD2B21D8A6 /* Pods-Paychange-tvOSTests.release.xcconfig */;
			buildSettings = {
				BUNDLE_LOADER = "$(TEST_HOST)";
				CLANG_ANALYZER_NONNULL = YES;
				CLANG_WARN_DOCUMENTATION_COMMENTS = YES;
				CLANG_WARN_INFINITE_RECURSION = YES;
				CLANG_WARN_SUSPICIOUS_MOVE = YES;
				COPY_PHASE_STRIP = NO;
				DEBUG_INFORMATION_FORMAT = "dwarf-with-dsym";
				GCC_NO_COMMON_BLOCKS = YES;
				INFOPLIST_FILE = "Paychange-tvOSTests/Info.plist";
				LD_RUNPATH_SEARCH_PATHS = "$(inherited) @executable_path/Frameworks @loader_path/Frameworks";
				OTHER_LDFLAGS = (
					"$(inherited)",
					"-ObjC",
					"-lc++",
				);
				PRODUCT_BUNDLE_IDENTIFIER = "org.reactjs.native.example.Paychange-tvOSTests";
				PRODUCT_NAME = "$(TARGET_NAME)";
				SDKROOT = appletvos;
				TEST_HOST = "$(BUILT_PRODUCTS_DIR)/Paychange-tvOS.app/Paychange-tvOS";
				TVOS_DEPLOYMENT_TARGET = 10.1;
			};
			name = Release;
		};
		83CBBA201A601CBA00E9B192 /* Debug */ = {
			isa = XCBuildConfiguration;
			buildSettings = {
				ALWAYS_SEARCH_USER_PATHS = NO;
				CLANG_ANALYZER_LOCALIZABILITY_NONLOCALIZED = YES;
				CLANG_CXX_LANGUAGE_STANDARD = "gnu++0x";
				CLANG_CXX_LIBRARY = "libc++";
				CLANG_ENABLE_MODULES = YES;
				CLANG_ENABLE_OBJC_ARC = YES;
				CLANG_WARN_BLOCK_CAPTURE_AUTORELEASING = YES;
				CLANG_WARN_BOOL_CONVERSION = YES;
				CLANG_WARN_COMMA = YES;
				CLANG_WARN_CONSTANT_CONVERSION = YES;
				CLANG_WARN_DEPRECATED_OBJC_IMPLEMENTATIONS = YES;
				CLANG_WARN_DIRECT_OBJC_ISA_USAGE = YES_ERROR;
				CLANG_WARN_EMPTY_BODY = YES;
				CLANG_WARN_ENUM_CONVERSION = YES;
				CLANG_WARN_INFINITE_RECURSION = YES;
				CLANG_WARN_INT_CONVERSION = YES;
				CLANG_WARN_NON_LITERAL_NULL_CONVERSION = YES;
				CLANG_WARN_OBJC_IMPLICIT_RETAIN_SELF = YES;
				CLANG_WARN_OBJC_LITERAL_CONVERSION = YES;
				CLANG_WARN_OBJC_ROOT_CLASS = YES_ERROR;
				CLANG_WARN_RANGE_LOOP_ANALYSIS = YES;
				CLANG_WARN_STRICT_PROTOTYPES = YES;
				CLANG_WARN_SUSPICIOUS_MOVE = YES;
				CLANG_WARN_UNREACHABLE_CODE = YES;
				CLANG_WARN__DUPLICATE_METHOD_MATCH = YES;
				"CODE_SIGN_IDENTITY[sdk=iphoneos*]" = "iPhone Developer";
				COPY_PHASE_STRIP = NO;
				ENABLE_STRICT_OBJC_MSGSEND = YES;
				ENABLE_TESTABILITY = YES;
				GCC_C_LANGUAGE_STANDARD = gnu99;
				GCC_DYNAMIC_NO_PIC = NO;
				GCC_NO_COMMON_BLOCKS = YES;
				GCC_OPTIMIZATION_LEVEL = 0;
				GCC_PREPROCESSOR_DEFINITIONS = (
					"DEBUG=1",
					"$(inherited)",
				);
				GCC_SYMBOLS_PRIVATE_EXTERN = NO;
				GCC_WARN_64_TO_32_BIT_CONVERSION = YES;
				GCC_WARN_ABOUT_RETURN_TYPE = YES_ERROR;
				GCC_WARN_UNDECLARED_SELECTOR = YES;
				GCC_WARN_UNINITIALIZED_AUTOS = YES_AGGRESSIVE;
				GCC_WARN_UNUSED_FUNCTION = YES;
				GCC_WARN_UNUSED_VARIABLE = YES;
				IPHONEOS_DEPLOYMENT_TARGET = 10.0;
				LD_RUNPATH_SEARCH_PATHS = "/usr/lib/swift $(inherited)";
				LIBRARY_SEARCH_PATHS = (
					"\"$(TOOLCHAIN_DIR)/usr/lib/swift/$(PLATFORM_NAME)\"",
					"\"$(TOOLCHAIN_DIR)/usr/lib/swift-5.0/$(PLATFORM_NAME)\"",
					"\"$(inherited)\"",
				);
				MTL_ENABLE_DEBUG_INFO = YES;
				ONLY_ACTIVE_ARCH = YES;
				SDKROOT = iphoneos;
			};
			name = Debug;
		};
		83CBBA211A601CBA00E9B192 /* Release */ = {
			isa = XCBuildConfiguration;
			buildSettings = {
				ALWAYS_SEARCH_USER_PATHS = NO;
				CLANG_ANALYZER_LOCALIZABILITY_NONLOCALIZED = YES;
				CLANG_CXX_LANGUAGE_STANDARD = "gnu++0x";
				CLANG_CXX_LIBRARY = "libc++";
				CLANG_ENABLE_MODULES = YES;
				CLANG_ENABLE_OBJC_ARC = YES;
				CLANG_WARN_BLOCK_CAPTURE_AUTORELEASING = YES;
				CLANG_WARN_BOOL_CONVERSION = YES;
				CLANG_WARN_COMMA = YES;
				CLANG_WARN_CONSTANT_CONVERSION = YES;
				CLANG_WARN_DEPRECATED_OBJC_IMPLEMENTATIONS = YES;
				CLANG_WARN_DIRECT_OBJC_ISA_USAGE = YES_ERROR;
				CLANG_WARN_EMPTY_BODY = YES;
				CLANG_WARN_ENUM_CONVERSION = YES;
				CLANG_WARN_INFINITE_RECURSION = YES;
				CLANG_WARN_INT_CONVERSION = YES;
				CLANG_WARN_NON_LITERAL_NULL_CONVERSION = YES;
				CLANG_WARN_OBJC_IMPLICIT_RETAIN_SELF = YES;
				CLANG_WARN_OBJC_LITERAL_CONVERSION = YES;
				CLANG_WARN_OBJC_ROOT_CLASS = YES_ERROR;
				CLANG_WARN_RANGE_LOOP_ANALYSIS = YES;
				CLANG_WARN_STRICT_PROTOTYPES = YES;
				CLANG_WARN_SUSPICIOUS_MOVE = YES;
				CLANG_WARN_UNREACHABLE_CODE = YES;
				CLANG_WARN__DUPLICATE_METHOD_MATCH = YES;
				"CODE_SIGN_IDENTITY[sdk=iphoneos*]" = "iPhone Developer";
				COPY_PHASE_STRIP = YES;
				ENABLE_NS_ASSERTIONS = NO;
				ENABLE_STRICT_OBJC_MSGSEND = YES;
				GCC_C_LANGUAGE_STANDARD = gnu99;
				GCC_NO_COMMON_BLOCKS = YES;
				GCC_WARN_64_TO_32_BIT_CONVERSION = YES;
				GCC_WARN_ABOUT_RETURN_TYPE = YES_ERROR;
				GCC_WARN_UNDECLARED_SELECTOR = YES;
				GCC_WARN_UNINITIALIZED_AUTOS = YES_AGGRESSIVE;
				GCC_WARN_UNUSED_FUNCTION = YES;
				GCC_WARN_UNUSED_VARIABLE = YES;
				IPHONEOS_DEPLOYMENT_TARGET = 10.0;
				LD_RUNPATH_SEARCH_PATHS = "/usr/lib/swift $(inherited)";
				LIBRARY_SEARCH_PATHS = (
					"\"$(TOOLCHAIN_DIR)/usr/lib/swift/$(PLATFORM_NAME)\"",
					"\"$(TOOLCHAIN_DIR)/usr/lib/swift-5.0/$(PLATFORM_NAME)\"",
					"\"$(inherited)\"",
				);
				MTL_ENABLE_DEBUG_INFO = NO;
				SDKROOT = iphoneos;
				VALIDATE_PRODUCT = YES;
			};
			name = Release;
		};
/* End XCBuildConfiguration section */

/* Begin XCConfigurationList section */
		00E357021AD99517003FC87E /* Build configuration list for PBXNativeTarget "PaychangeTests" */ = {
			isa = XCConfigurationList;
			buildConfigurations = (
				00E356F61AD99517003FC87E /* Debug */,
				00E356F71AD99517003FC87E /* Release */,
			);
			defaultConfigurationIsVisible = 0;
			defaultConfigurationName = Release;
		};
		13B07F931A680F5B00A75B9A /* Build configuration list for PBXNativeTarget "Paychange" */ = {
			isa = XCConfigurationList;
			buildConfigurations = (
				13B07F941A680F5B00A75B9A /* Debug */,
				13B07F951A680F5B00A75B9A /* Release */,
			);
			defaultConfigurationIsVisible = 0;
			defaultConfigurationName = Release;
		};
		2D02E4BA1E0B4A5E006451C7 /* Build configuration list for PBXNativeTarget "Paychange-tvOS" */ = {
			isa = XCConfigurationList;
			buildConfigurations = (
				2D02E4971E0B4A5E006451C7 /* Debug */,
				2D02E4981E0B4A5E006451C7 /* Release */,
			);
			defaultConfigurationIsVisible = 0;
			defaultConfigurationName = Release;
		};
		2D02E4BB1E0B4A5E006451C7 /* Build configuration list for PBXNativeTarget "Paychange-tvOSTests" */ = {
			isa = XCConfigurationList;
			buildConfigurations = (
				2D02E4991E0B4A5E006451C7 /* Debug */,
				2D02E49A1E0B4A5E006451C7 /* Release */,
			);
			defaultConfigurationIsVisible = 0;
			defaultConfigurationName = Release;
		};
		83CBB9FA1A601CBA00E9B192 /* Build configuration list for PBXProject "Paychange" */ = {
			isa = XCConfigurationList;
			buildConfigurations = (
				83CBBA201A601CBA00E9B192 /* Debug */,
				83CBBA211A601CBA00E9B192 /* Release */,
			);
			defaultConfigurationIsVisible = 0;
			defaultConfigurationName = Release;
		};
/* End XCConfigurationList section */
	};
	rootObject = 83CBB9F71A601CBA00E9B192 /* Project object */;
}
